// !$*UTF8*$!
{
	archiveVersion = 1;
	classes = {
	};
	objectVersion = 46;
	objects = {

/* Begin PBXBuildFile section */
		59E604521FE9CAF100BD90C5 /* RCTTextShadowView.m in Sources */ = {isa = PBXBuildFile; fileRef = 59E6042F1FE9CAF100BD90C5 /* RCTTextShadowView.m */; };
		59E604531FE9CAF100BD90C5 /* RCTTextShadowView.m in Sources */ = {isa = PBXBuildFile; fileRef = 59E6042F1FE9CAF100BD90C5 /* RCTTextShadowView.m */; };
		59E604541FE9CAF100BD90C5 /* RCTTextView.m in Sources */ = {isa = PBXBuildFile; fileRef = 59E604311FE9CAF100BD90C5 /* RCTTextView.m */; };
		59E604551FE9CAF100BD90C5 /* RCTTextView.m in Sources */ = {isa = PBXBuildFile; fileRef = 59E604311FE9CAF100BD90C5 /* RCTTextView.m */; };
		59E604561FE9CAF100BD90C5 /* RCTTextViewManager.m in Sources */ = {isa = PBXBuildFile; fileRef = 59E604331FE9CAF100BD90C5 /* RCTTextViewManager.m */; };
		59E604571FE9CAF100BD90C5 /* RCTTextViewManager.m in Sources */ = {isa = PBXBuildFile; fileRef = 59E604331FE9CAF100BD90C5 /* RCTTextViewManager.m */; };
		59E604581FE9CAF100BD90C5 /* RCTRawTextShadowView.m in Sources */ = {isa = PBXBuildFile; fileRef = 59E604341FE9CAF100BD90C5 /* RCTRawTextShadowView.m */; };
		59E604591FE9CAF100BD90C5 /* RCTRawTextShadowView.m in Sources */ = {isa = PBXBuildFile; fileRef = 59E604341FE9CAF100BD90C5 /* RCTRawTextShadowView.m */; };
		59E6045A1FE9CAF100BD90C5 /* RCTRawTextViewManager.m in Sources */ = {isa = PBXBuildFile; fileRef = 59E604361FE9CAF100BD90C5 /* RCTRawTextViewManager.m */; };
		59E6045B1FE9CAF100BD90C5 /* RCTRawTextViewManager.m in Sources */ = {isa = PBXBuildFile; fileRef = 59E604361FE9CAF100BD90C5 /* RCTRawTextViewManager.m */; };
		59E604731FE9CB3F00BD90C5 /* RCTFontAttributes.h in Copy Headers */ = {isa = PBXBuildFile; fileRef = A85C82981F742AA20036C019 /* RCTFontAttributes.h */; };
		59E604741FE9CB3F00BD90C5 /* RCTFontAttributesDelegate.h in Copy Headers */ = {isa = PBXBuildFile; fileRef = A85C82BA1F742D8F0036C019 /* RCTFontAttributesDelegate.h */; };
		59E604751FE9CB3F00BD90C5 /* RCTRawTextShadowView.h in Copy Headers */ = {isa = PBXBuildFile; fileRef = 59E6042C1FE9CAF100BD90C5 /* RCTRawTextShadowView.h */; };
		59E604761FE9CB3F00BD90C5 /* RCTRawTextViewManager.h in Copy Headers */ = {isa = PBXBuildFile; fileRef = 59E604351FE9CAF100BD90C5 /* RCTRawTextViewManager.h */; };
		59E604771FE9CB3F00BD90C5 /* RCTTextShadowView.h in Copy Headers */ = {isa = PBXBuildFile; fileRef = 59E6042E1FE9CAF100BD90C5 /* RCTTextShadowView.h */; };
		59E604781FE9CB3F00BD90C5 /* RCTTextView.h in Copy Headers */ = {isa = PBXBuildFile; fileRef = 59E604301FE9CAF100BD90C5 /* RCTTextView.h */; };
		59E604791FE9CB3F00BD90C5 /* RCTTextViewManager.h in Copy Headers */ = {isa = PBXBuildFile; fileRef = 59E604321FE9CAF100BD90C5 /* RCTTextViewManager.h */; };
		59E604881FE9CB4A00BD90C5 /* RCTFontAttributes.h in Copy Headers */ = {isa = PBXBuildFile; fileRef = A85C82981F742AA20036C019 /* RCTFontAttributes.h */; };
		59E604891FE9CB4A00BD90C5 /* RCTFontAttributesDelegate.h in Copy Headers */ = {isa = PBXBuildFile; fileRef = A85C82BA1F742D8F0036C019 /* RCTFontAttributesDelegate.h */; };
		59E6048A1FE9CB4A00BD90C5 /* RCTRawTextShadowView.h in Copy Headers */ = {isa = PBXBuildFile; fileRef = 59E6042C1FE9CAF100BD90C5 /* RCTRawTextShadowView.h */; };
		59E6048B1FE9CB4A00BD90C5 /* RCTRawTextViewManager.h in Copy Headers */ = {isa = PBXBuildFile; fileRef = 59E604351FE9CAF100BD90C5 /* RCTRawTextViewManager.h */; };
		59E6048C1FE9CB4A00BD90C5 /* RCTTextShadowView.h in Copy Headers */ = {isa = PBXBuildFile; fileRef = 59E6042E1FE9CAF100BD90C5 /* RCTTextShadowView.h */; };
		59E6048D1FE9CB4A00BD90C5 /* RCTTextView.h in Copy Headers */ = {isa = PBXBuildFile; fileRef = 59E604301FE9CAF100BD90C5 /* RCTTextView.h */; };
		59E6048E1FE9CB4A00BD90C5 /* RCTTextViewManager.h in Copy Headers */ = {isa = PBXBuildFile; fileRef = 59E604321FE9CAF100BD90C5 /* RCTTextViewManager.h */; };
		59E8C5CC1F8833D100204F5E /* RCTFontAttributes.m in Sources */ = {isa = PBXBuildFile; fileRef = A85C82991F742AA20036C019 /* RCTFontAttributes.m */; };
		A85C829A1F742AA20036C019 /* RCTFontAttributes.m in Sources */ = {isa = PBXBuildFile; fileRef = A85C82991F742AA20036C019 /* RCTFontAttributes.m */; };
		D4EEE317201FA3B300C4CBB6 /* RCTMultilineTextInputView.m in Sources */ = {isa = PBXBuildFile; fileRef = D4EEE303201FA3B100C4CBB6 /* RCTMultilineTextInputView.m */; };
		D4EEE318201FA3B300C4CBB6 /* RCTUITextView.m in Sources */ = {isa = PBXBuildFile; fileRef = D4EEE307201FA3B100C4CBB6 /* RCTUITextView.m */; };
		D4EEE31A201FA3B300C4CBB6 /* RCTShadowTextView.m in Sources */ = {isa = PBXBuildFile; fileRef = D4EEE30C201FA3B200C4CBB6 /* RCTShadowTextView.m */; };
		D4EEE31B201FA3B300C4CBB6 /* RCTTextSelection.m in Sources */ = {isa = PBXBuildFile; fileRef = D4EEE30D201FA3B200C4CBB6 /* RCTTextSelection.m */; };
		D4EEE31C201FA3B300C4CBB6 /* RCTTextFieldManager.m in Sources */ = {isa = PBXBuildFile; fileRef = D4EEE310201FA3B200C4CBB6 /* RCTTextFieldManager.m */; };
		D4EEE31D201FA3B300C4CBB6 /* RCTSecureTextField.m in Sources */ = {isa = PBXBuildFile; fileRef = D4EEE312201FA3B200C4CBB6 /* RCTSecureTextField.m */; };
		D4EEE31E201FA3B300C4CBB6 /* RCTTextField.m in Sources */ = {isa = PBXBuildFile; fileRef = D4EEE313201FA3B200C4CBB6 /* RCTTextField.m */; };
		D4EEE31F201FA3B300C4CBB6 /* RCTShadowTextField.m in Sources */ = {isa = PBXBuildFile; fileRef = D4EEE315201FA3B300C4CBB6 /* RCTShadowTextField.m */; };
		D4EEE320201FA3B300C4CBB6 /* RCTTextViewManager.m in Sources */ = {isa = PBXBuildFile; fileRef = D4EEE316201FA3B300C4CBB6 /* RCTTextViewManager.m */; };
/* End PBXBuildFile section */

/* Begin PBXCopyFilesBuildPhase section */
		599DF25E1F0306540079B53E /* Copy Headers */ = {
			isa = PBXCopyFilesBuildPhase;
			buildActionMask = 2147483647;
			dstPath = include/RCTText;
			dstSubfolderSpec = 16;
			files = (
				59E604881FE9CB4A00BD90C5 /* RCTFontAttributes.h in Copy Headers */,
				59E604891FE9CB4A00BD90C5 /* RCTFontAttributesDelegate.h in Copy Headers */,
				59E6048A1FE9CB4A00BD90C5 /* RCTRawTextShadowView.h in Copy Headers */,
				59E6048B1FE9CB4A00BD90C5 /* RCTRawTextViewManager.h in Copy Headers */,
				59E6048C1FE9CB4A00BD90C5 /* RCTTextShadowView.h in Copy Headers */,
				59E6048D1FE9CB4A00BD90C5 /* RCTTextView.h in Copy Headers */,
				59E6048E1FE9CB4A00BD90C5 /* RCTTextViewManager.h in Copy Headers */,
			);
			name = "Copy Headers";
			runOnlyForDeploymentPostprocessing = 0;
		};
		599DF2601F0306AD0079B53E /* Copy Headers */ = {
			isa = PBXCopyFilesBuildPhase;
			buildActionMask = 2147483647;
			dstPath = include/RCTText;
			dstSubfolderSpec = 16;
			files = (
				59E604731FE9CB3F00BD90C5 /* RCTFontAttributes.h in Copy Headers */,
				59E604741FE9CB3F00BD90C5 /* RCTFontAttributesDelegate.h in Copy Headers */,
				59E604751FE9CB3F00BD90C5 /* RCTRawTextShadowView.h in Copy Headers */,
				59E604761FE9CB3F00BD90C5 /* RCTRawTextViewManager.h in Copy Headers */,
				59E604771FE9CB3F00BD90C5 /* RCTTextShadowView.h in Copy Headers */,
				59E604781FE9CB3F00BD90C5 /* RCTTextView.h in Copy Headers */,
				59E604791FE9CB3F00BD90C5 /* RCTTextViewManager.h in Copy Headers */,
			);
			name = "Copy Headers";
			runOnlyForDeploymentPostprocessing = 0;
		};
/* End PBXCopyFilesBuildPhase section */

/* Begin PBXFileReference section */
		2D2A287B1D9B048500D4039D /* libRCTText-tvOS.a */ = {isa = PBXFileReference; explicitFileType = archive.ar; includeInIndex = 0; path = "libRCTText-tvOS.a"; sourceTree = BUILT_PRODUCTS_DIR; };
		58B5119B1A9E6C1200147676 /* libRCTText.a */ = {isa = PBXFileReference; explicitFileType = archive.ar; includeInIndex = 0; path = libRCTText.a; sourceTree = BUILT_PRODUCTS_DIR; };
		59E6042C1FE9CAF100BD90C5 /* RCTRawTextShadowView.h */ = {isa = PBXFileReference; fileEncoding = 4; lastKnownFileType = sourcecode.c.h; path = RCTRawTextShadowView.h; sourceTree = "<group>"; };
		59E6042E1FE9CAF100BD90C5 /* RCTTextShadowView.h */ = {isa = PBXFileReference; fileEncoding = 4; lastKnownFileType = sourcecode.c.h; path = RCTTextShadowView.h; sourceTree = "<group>"; };
		59E6042F1FE9CAF100BD90C5 /* RCTTextShadowView.m */ = {isa = PBXFileReference; fileEncoding = 4; lastKnownFileType = sourcecode.c.objc; path = RCTTextShadowView.m; sourceTree = "<group>"; };
		59E604301FE9CAF100BD90C5 /* RCTTextView.h */ = {isa = PBXFileReference; fileEncoding = 4; lastKnownFileType = sourcecode.c.h; path = RCTTextView.h; sourceTree = "<group>"; };
		59E604311FE9CAF100BD90C5 /* RCTTextView.m */ = {isa = PBXFileReference; fileEncoding = 4; lastKnownFileType = sourcecode.c.objc; path = RCTTextView.m; sourceTree = "<group>"; };
		59E604321FE9CAF100BD90C5 /* RCTTextViewManager.h */ = {isa = PBXFileReference; fileEncoding = 4; lastKnownFileType = sourcecode.c.h; path = RCTTextViewManager.h; sourceTree = "<group>"; };
		59E604331FE9CAF100BD90C5 /* RCTTextViewManager.m */ = {isa = PBXFileReference; fileEncoding = 4; lastKnownFileType = sourcecode.c.objc; path = RCTTextViewManager.m; sourceTree = "<group>"; };
		59E604341FE9CAF100BD90C5 /* RCTRawTextShadowView.m */ = {isa = PBXFileReference; fileEncoding = 4; lastKnownFileType = sourcecode.c.objc; path = RCTRawTextShadowView.m; sourceTree = "<group>"; };
		59E604351FE9CAF100BD90C5 /* RCTRawTextViewManager.h */ = {isa = PBXFileReference; fileEncoding = 4; lastKnownFileType = sourcecode.c.h; path = RCTRawTextViewManager.h; sourceTree = "<group>"; };
		59E604361FE9CAF100BD90C5 /* RCTRawTextViewManager.m */ = {isa = PBXFileReference; fileEncoding = 4; lastKnownFileType = sourcecode.c.objc; path = RCTRawTextViewManager.m; sourceTree = "<group>"; };
		A85C82981F742AA20036C019 /* RCTFontAttributes.h */ = {isa = PBXFileReference; fileEncoding = 4; lastKnownFileType = sourcecode.c.h; path = RCTFontAttributes.h; sourceTree = "<group>"; };
		A85C82991F742AA20036C019 /* RCTFontAttributes.m */ = {isa = PBXFileReference; fileEncoding = 4; lastKnownFileType = sourcecode.c.objc; path = RCTFontAttributes.m; sourceTree = "<group>"; };
		A85C82BA1F742D8F0036C019 /* RCTFontAttributesDelegate.h */ = {isa = PBXFileReference; fileEncoding = 4; lastKnownFileType = sourcecode.c.h; path = RCTFontAttributesDelegate.h; sourceTree = "<group>"; };
		D4EEE303201FA3B100C4CBB6 /* RCTMultilineTextInputView.m */ = {isa = PBXFileReference; fileEncoding = 4; lastKnownFileType = sourcecode.c.objc; name = RCTMultilineTextInputView.m; path = TextInputLegacy/RCTMultilineTextInputView.m; sourceTree = "<group>"; };
		D4EEE304201FA3B100C4CBB6 /* RCTShadowTextField.h */ = {isa = PBXFileReference; fileEncoding = 4; lastKnownFileType = sourcecode.c.h; name = RCTShadowTextField.h; path = TextInputLegacy/RCTShadowTextField.h; sourceTree = "<group>"; };
		D4EEE305201FA3B100C4CBB6 /* RCTShadowTextView.h */ = {isa = PBXFileReference; fileEncoding = 4; lastKnownFileType = sourcecode.c.h; name = RCTShadowTextView.h; path = TextInputLegacy/RCTShadowTextView.h; sourceTree = "<group>"; };
		D4EEE306201FA3B100C4CBB6 /* RCTTextField.h */ = {isa = PBXFileReference; fileEncoding = 4; lastKnownFileType = sourcecode.c.h; name = RCTTextField.h; path = TextInputLegacy/RCTTextField.h; sourceTree = "<group>"; };
		D4EEE307201FA3B100C4CBB6 /* RCTUITextView.m */ = {isa = PBXFileReference; fileEncoding = 4; lastKnownFileType = sourcecode.c.objc; name = RCTUITextView.m; path = TextInputLegacy/RCTUITextView.m; sourceTree = "<group>"; };
		D4EEE308201FA3B100C4CBB6 /* RCTTextFieldManager.h */ = {isa = PBXFileReference; fileEncoding = 4; lastKnownFileType = sourcecode.c.h; name = RCTTextFieldManager.h; path = TextInputLegacy/RCTTextFieldManager.h; sourceTree = "<group>"; };
		D4EEE309201FA3B100C4CBB6 /* RCTTextSelection.h */ = {isa = PBXFileReference; fileEncoding = 4; lastKnownFileType = sourcecode.c.h; name = RCTTextSelection.h; path = TextInputLegacy/RCTTextSelection.h; sourceTree = "<group>"; };
		D4EEE30A201FA3B100C4CBB6 /* RCTSecureTextField.h */ = {isa = PBXFileReference; fileEncoding = 4; lastKnownFileType = sourcecode.c.h; name = RCTSecureTextField.h; path = TextInputLegacy/RCTSecureTextField.h; sourceTree = "<group>"; };
		D4EEE30C201FA3B200C4CBB6 /* RCTShadowTextView.m */ = {isa = PBXFileReference; fileEncoding = 4; lastKnownFileType = sourcecode.c.objc; name = RCTShadowTextView.m; path = TextInputLegacy/RCTShadowTextView.m; sourceTree = "<group>"; };
		D4EEE30D201FA3B200C4CBB6 /* RCTTextSelection.m */ = {isa = PBXFileReference; fileEncoding = 4; lastKnownFileType = sourcecode.c.objc; name = RCTTextSelection.m; path = TextInputLegacy/RCTTextSelection.m; sourceTree = "<group>"; };
		D4EEE30E201FA3B200C4CBB6 /* RCTMultilineTextInputView.h */ = {isa = PBXFileReference; fileEncoding = 4; lastKnownFileType = sourcecode.c.h; name = RCTMultilineTextInputView.h; path = TextInputLegacy/RCTMultilineTextInputView.h; sourceTree = "<group>"; };
		D4EEE30F201FA3B200C4CBB6 /* RCTTextViewManager.h */ = {isa = PBXFileReference; fileEncoding = 4; lastKnownFileType = sourcecode.c.h; name = RCTTextViewManager.h; path = TextInputLegacy/RCTTextViewManager.h; sourceTree = "<group>"; };
		D4EEE310201FA3B200C4CBB6 /* RCTTextFieldManager.m */ = {isa = PBXFileReference; fileEncoding = 4; lastKnownFileType = sourcecode.c.objc; name = RCTTextFieldManager.m; path = TextInputLegacy/RCTTextFieldManager.m; sourceTree = "<group>"; };
		D4EEE311201FA3B200C4CBB6 /* RCTUITextView.h */ = {isa = PBXFileReference; fileEncoding = 4; lastKnownFileType = sourcecode.c.h; name = RCTUITextView.h; path = TextInputLegacy/RCTUITextView.h; sourceTree = "<group>"; };
		D4EEE312201FA3B200C4CBB6 /* RCTSecureTextField.m */ = {isa = PBXFileReference; fileEncoding = 4; lastKnownFileType = sourcecode.c.objc; name = RCTSecureTextField.m; path = TextInputLegacy/RCTSecureTextField.m; sourceTree = "<group>"; };
		D4EEE313201FA3B200C4CBB6 /* RCTTextField.m */ = {isa = PBXFileReference; fileEncoding = 4; lastKnownFileType = sourcecode.c.objc; name = RCTTextField.m; path = TextInputLegacy/RCTTextField.m; sourceTree = "<group>"; };
		D4EEE315201FA3B300C4CBB6 /* RCTShadowTextField.m */ = {isa = PBXFileReference; fileEncoding = 4; lastKnownFileType = sourcecode.c.objc; name = RCTShadowTextField.m; path = TextInputLegacy/RCTShadowTextField.m; sourceTree = "<group>"; };
		D4EEE316201FA3B300C4CBB6 /* RCTTextViewManager.m */ = {isa = PBXFileReference; fileEncoding = 4; lastKnownFileType = sourcecode.c.objc; name = RCTTextViewManager.m; path = TextInputLegacy/RCTTextViewManager.m; sourceTree = "<group>"; };
/* End PBXFileReference section */

/* Begin PBXGroup section */
		58B511921A9E6C1200147676 = {
			isa = PBXGroup;
			children = (
				D4EEE302201FA3A100C4CBB6 /* TextInputLegacy */,
				58B5119C1A9E6C1200147676 /* Products */,
				A85C82981F742AA20036C019 /* RCTFontAttributes.h */,
				A85C82991F742AA20036C019 /* RCTFontAttributes.m */,
				A85C82BA1F742D8F0036C019 /* RCTFontAttributesDelegate.h */,
				59E6042C1FE9CAF100BD90C5 /* RCTRawTextShadowView.h */,
				59E604341FE9CAF100BD90C5 /* RCTRawTextShadowView.m */,
				59E604351FE9CAF100BD90C5 /* RCTRawTextViewManager.h */,
				59E604361FE9CAF100BD90C5 /* RCTRawTextViewManager.m */,
				59E6042D1FE9CAF100BD90C5 /* Text */,
			);
			indentWidth = 2;
			sourceTree = "<group>";
			tabWidth = 2;
			usesTabs = 0;
		};
		58B5119C1A9E6C1200147676 /* Products */ = {
			isa = PBXGroup;
			children = (
				58B5119B1A9E6C1200147676 /* libRCTText.a */,
				2D2A287B1D9B048500D4039D /* libRCTText-tvOS.a */,
			);
			name = Products;
			sourceTree = "<group>";
		};
		59E6042D1FE9CAF100BD90C5 /* Text */ = {
			isa = PBXGroup;
			children = (
				59E6042E1FE9CAF100BD90C5 /* RCTTextShadowView.h */,
				59E6042F1FE9CAF100BD90C5 /* RCTTextShadowView.m */,
				59E604301FE9CAF100BD90C5 /* RCTTextView.h */,
				59E604311FE9CAF100BD90C5 /* RCTTextView.m */,
				59E604321FE9CAF100BD90C5 /* RCTTextViewManager.h */,
				59E604331FE9CAF100BD90C5 /* RCTTextViewManager.m */,
			);
			path = Text;
			sourceTree = "<group>";
		};
		D4EEE302201FA3A100C4CBB6 /* TextInputLegacy */ = {
			isa = PBXGroup;
			children = (
				D4EEE30E201FA3B200C4CBB6 /* RCTMultilineTextInputView.h */,
				D4EEE303201FA3B100C4CBB6 /* RCTMultilineTextInputView.m */,
				D4EEE30A201FA3B100C4CBB6 /* RCTSecureTextField.h */,
				D4EEE312201FA3B200C4CBB6 /* RCTSecureTextField.m */,
				D4EEE304201FA3B100C4CBB6 /* RCTShadowTextField.h */,
				D4EEE315201FA3B300C4CBB6 /* RCTShadowTextField.m */,
				D4EEE305201FA3B100C4CBB6 /* RCTShadowTextView.h */,
				D4EEE30C201FA3B200C4CBB6 /* RCTShadowTextView.m */,
				D4EEE306201FA3B100C4CBB6 /* RCTTextField.h */,
				D4EEE313201FA3B200C4CBB6 /* RCTTextField.m */,
				D4EEE308201FA3B100C4CBB6 /* RCTTextFieldManager.h */,
				D4EEE310201FA3B200C4CBB6 /* RCTTextFieldManager.m */,
				D4EEE309201FA3B100C4CBB6 /* RCTTextSelection.h */,
				D4EEE30D201FA3B200C4CBB6 /* RCTTextSelection.m */,
				D4EEE30F201FA3B200C4CBB6 /* RCTTextViewManager.h */,
				D4EEE316201FA3B300C4CBB6 /* RCTTextViewManager.m */,
				D4EEE311201FA3B200C4CBB6 /* RCTUITextView.h */,
				D4EEE307201FA3B100C4CBB6 /* RCTUITextView.m */,
			);
			name = TextInputLegacy;
			sourceTree = "<group>";
		};
/* End PBXGroup section */

/* Begin PBXNativeTarget section */
		2D2A287A1D9B048500D4039D /* RCTText-tvOS */ = {
			isa = PBXNativeTarget;
			buildConfigurationList = 2D2A28831D9B048500D4039D /* Build configuration list for PBXNativeTarget "RCTText-tvOS" */;
			buildPhases = (
				599DF2601F0306AD0079B53E /* Copy Headers */,
				2D2A28771D9B048500D4039D /* Sources */,
			);
			buildRules = (
			);
			dependencies = (
			);
			name = "RCTText-tvOS";
			productName = "RCTText-tvOS";
			productReference = 2D2A287B1D9B048500D4039D /* libRCTText-tvOS.a */;
			productType = "com.apple.product-type.library.static";
		};
		58B5119A1A9E6C1200147676 /* RCTText */ = {
			isa = PBXNativeTarget;
			buildConfigurationList = 58B511AF1A9E6C1300147676 /* Build configuration list for PBXNativeTarget "RCTText" */;
			buildPhases = (
				599DF25E1F0306540079B53E /* Copy Headers */,
				58B511971A9E6C1200147676 /* Sources */,
			);
			buildRules = (
			);
			dependencies = (
			);
			name = RCTText;
			productName = RCTText;
			productReference = 58B5119B1A9E6C1200147676 /* libRCTText.a */;
			productType = "com.apple.product-type.library.static";
		};
/* End PBXNativeTarget section */

/* Begin PBXProject section */
		58B511931A9E6C1200147676 /* Project object */ = {
			isa = PBXProject;
			attributes = {
				LastUpgradeCheck = 0610;
				ORGANIZATIONNAME = Facebook;
				TargetAttributes = {
					2D2A287A1D9B048500D4039D = {
						CreatedOnToolsVersion = 8.0;
						ProvisioningStyle = Automatic;
					};
					58B5119A1A9E6C1200147676 = {
						CreatedOnToolsVersion = 6.1.1;
					};
				};
			};
			buildConfigurationList = 58B511961A9E6C1200147676 /* Build configuration list for PBXProject "RCTText" */;
			compatibilityVersion = "Xcode 3.2";
			developmentRegion = English;
			hasScannedForEncodings = 0;
			knownRegions = (
				en,
			);
			mainGroup = 58B511921A9E6C1200147676;
			productRefGroup = 58B5119C1A9E6C1200147676 /* Products */;
			projectDirPath = "";
			projectRoot = "";
			targets = (
				58B5119A1A9E6C1200147676 /* RCTText */,
				2D2A287A1D9B048500D4039D /* RCTText-tvOS */,
			);
		};
/* End PBXProject section */

/* Begin PBXSourcesBuildPhase section */
		2D2A28771D9B048500D4039D /* Sources */ = {
			isa = PBXSourcesBuildPhase;
			buildActionMask = 2147483647;
			files = (
				59E604571FE9CAF100BD90C5 /* RCTTextViewManager.m in Sources */,
				59E604531FE9CAF100BD90C5 /* RCTTextShadowView.m in Sources */,
				59E604591FE9CAF100BD90C5 /* RCTRawTextShadowView.m in Sources */,
				59E604551FE9CAF100BD90C5 /* RCTTextView.m in Sources */,
				59E8C5CC1F8833D100204F5E /* RCTFontAttributes.m in Sources */,
				59E6045B1FE9CAF100BD90C5 /* RCTRawTextViewManager.m in Sources */,
			);
			runOnlyForDeploymentPostprocessing = 0;
		};
		58B511971A9E6C1200147676 /* Sources */ = {
			isa = PBXSourcesBuildPhase;
			buildActionMask = 2147483647;
			files = (
				59E604561FE9CAF100BD90C5 /* RCTTextViewManager.m in Sources */,
				D4EEE318201FA3B300C4CBB6 /* RCTUITextView.m in Sources */,
				D4EEE31C201FA3B300C4CBB6 /* RCTTextFieldManager.m in Sources */,
				D4EEE31D201FA3B300C4CBB6 /* RCTSecureTextField.m in Sources */,
				59E604521FE9CAF100BD90C5 /* RCTTextShadowView.m in Sources */,
				D4EEE320201FA3B300C4CBB6 /* RCTTextViewManager.m in Sources */,
				D4EEE31A201FA3B300C4CBB6 /* RCTShadowTextView.m in Sources */,
				D4EEE31F201FA3B300C4CBB6 /* RCTShadowTextField.m in Sources */,
				D4EEE31B201FA3B300C4CBB6 /* RCTTextSelection.m in Sources */,
				D4EEE317201FA3B300C4CBB6 /* RCTMultilineTextInputView.m in Sources */,
				59E604581FE9CAF100BD90C5 /* RCTRawTextShadowView.m in Sources */,
				D4EEE31E201FA3B300C4CBB6 /* RCTTextField.m in Sources */,
				59E604541FE9CAF100BD90C5 /* RCTTextView.m in Sources */,
				A85C829A1F742AA20036C019 /* RCTFontAttributes.m in Sources */,
				59E6045A1FE9CAF100BD90C5 /* RCTRawTextViewManager.m in Sources */,
			);
			runOnlyForDeploymentPostprocessing = 0;
		};
/* End PBXSourcesBuildPhase section */

/* Begin XCBuildConfiguration section */
		2D2A28811D9B048500D4039D /* Debug */ = {
			isa = XCBuildConfiguration;
			buildSettings = {
				CLANG_ANALYZER_NONNULL = YES;
				CLANG_WARN_DOCUMENTATION_COMMENTS = YES;
				CLANG_WARN_INFINITE_RECURSION = YES;
				CLANG_WARN_SUSPICIOUS_MOVES = YES;
				DEBUG_INFORMATION_FORMAT = dwarf;
				ENABLE_TESTABILITY = YES;
				GCC_NO_COMMON_BLOCKS = YES;
				OTHER_LDFLAGS = "-ObjC";
				PRODUCT_NAME = "$(TARGET_NAME)";
				SDKROOT = appletvos;
				TVOS_DEPLOYMENT_TARGET = 9.2;
			};
			name = Debug;
		};
		2D2A28821D9B048500D4039D /* Release */ = {
			isa = XCBuildConfiguration;
			buildSettings = {
				CLANG_ANALYZER_NONNULL = YES;
				CLANG_WARN_DOCUMENTATION_COMMENTS = YES;
				CLANG_WARN_INFINITE_RECURSION = YES;
				CLANG_WARN_SUSPICIOUS_MOVES = YES;
				COPY_PHASE_STRIP = NO;
				DEBUG_INFORMATION_FORMAT = "dwarf-with-dsym";
				GCC_NO_COMMON_BLOCKS = YES;
				OTHER_LDFLAGS = "-ObjC";
				PRODUCT_NAME = "$(TARGET_NAME)";
				SDKROOT = appletvos;
				TVOS_DEPLOYMENT_TARGET = 9.2;
			};
			name = Release;
		};
		58B511AD1A9E6C1300147676 /* Debug */ = {
			isa = XCBuildConfiguration;
			buildSettings = {
				ALWAYS_SEARCH_USER_PATHS = NO;
				CLANG_CXX_LANGUAGE_STANDARD = "gnu++0x";
				CLANG_CXX_LIBRARY = "libc++";
				CLANG_ENABLE_MODULES = YES;
				CLANG_ENABLE_OBJC_ARC = YES;
				CLANG_WARN_BOOL_CONVERSION = YES;
				CLANG_WARN_CONSTANT_CONVERSION = YES;
				CLANG_WARN_DIRECT_OBJC_ISA_USAGE = YES_ERROR;
				CLANG_WARN_EMPTY_BODY = YES;
				CLANG_WARN_ENUM_CONVERSION = YES;
				CLANG_WARN_INT_CONVERSION = YES;
				CLANG_WARN_OBJC_IMPLICIT_RETAIN_SELF = YES;
				CLANG_WARN_OBJC_ROOT_CLASS = YES_ERROR;
				CLANG_WARN_UNREACHABLE_CODE = YES;
				CLANG_WARN__DUPLICATE_METHOD_MATCH = YES;
				COPY_PHASE_STRIP = NO;
				ENABLE_STRICT_OBJC_MSGSEND = YES;
				GCC_C_LANGUAGE_STANDARD = gnu99;
				GCC_DYNAMIC_NO_PIC = NO;
				GCC_OPTIMIZATION_LEVEL = 0;
				GCC_PREPROCESSOR_DEFINITIONS = (
					"DEBUG=1",
					"$(inherited)",
				);
				GCC_SYMBOLS_PRIVATE_EXTERN = NO;
				GCC_WARN_64_TO_32_BIT_CONVERSION = YES;
				GCC_WARN_ABOUT_RETURN_TYPE = YES_ERROR;
				GCC_WARN_INITIALIZER_NOT_FULLY_BRACKETED = YES;
				GCC_WARN_SHADOW = YES;
				GCC_WARN_UNDECLARED_SELECTOR = YES;
				GCC_WARN_UNINITIALIZED_AUTOS = YES_AGGRESSIVE;
				GCC_WARN_UNUSED_FUNCTION = YES;
				GCC_WARN_UNUSED_VARIABLE = YES;
				IPHONEOS_DEPLOYMENT_TARGET = 8.0;
				MTL_ENABLE_DEBUG_INFO = YES;
				ONLY_ACTIVE_ARCH = YES;
				SDKROOT = macosx;
				SKIP_INSTALL = YES;
				WARNING_CFLAGS = (
					"-Werror",
					"-Wall",
				);
			};
			name = Debug;
		};
		58B511AE1A9E6C1300147676 /* Release */ = {
			isa = XCBuildConfiguration;
			buildSettings = {
				ALWAYS_SEARCH_USER_PATHS = NO;
				CLANG_CXX_LANGUAGE_STANDARD = "gnu++0x";
				CLANG_CXX_LIBRARY = "libc++";
				CLANG_ENABLE_MODULES = YES;
				CLANG_ENABLE_OBJC_ARC = YES;
				CLANG_WARN_BOOL_CONVERSION = YES;
				CLANG_WARN_CONSTANT_CONVERSION = YES;
				CLANG_WARN_DIRECT_OBJC_ISA_USAGE = YES_ERROR;
				CLANG_WARN_EMPTY_BODY = YES;
				CLANG_WARN_ENUM_CONVERSION = YES;
				CLANG_WARN_INT_CONVERSION = YES;
				CLANG_WARN_OBJC_IMPLICIT_RETAIN_SELF = YES;
				CLANG_WARN_OBJC_ROOT_CLASS = YES_ERROR;
				CLANG_WARN_UNREACHABLE_CODE = YES;
				CLANG_WARN__DUPLICATE_METHOD_MATCH = YES;
				COPY_PHASE_STRIP = YES;
				ENABLE_NS_ASSERTIONS = NO;
				ENABLE_STRICT_OBJC_MSGSEND = YES;
				GCC_C_LANGUAGE_STANDARD = gnu99;
				GCC_WARN_64_TO_32_BIT_CONVERSION = YES;
				GCC_WARN_ABOUT_RETURN_TYPE = YES_ERROR;
				GCC_WARN_INITIALIZER_NOT_FULLY_BRACKETED = YES;
				GCC_WARN_SHADOW = YES;
				GCC_WARN_UNDECLARED_SELECTOR = YES;
				GCC_WARN_UNINITIALIZED_AUTOS = YES_AGGRESSIVE;
				GCC_WARN_UNUSED_FUNCTION = YES;
				GCC_WARN_UNUSED_VARIABLE = YES;
				IPHONEOS_DEPLOYMENT_TARGET = 8.0;
				MTL_ENABLE_DEBUG_INFO = NO;
				SDKROOT = macosx;
				SKIP_INSTALL = YES;
				VALIDATE_PRODUCT = YES;
				WARNING_CFLAGS = (
					"-Werror",
					"-Wall",
				);
			};
			name = Release;
		};
		58B511B01A9E6C1300147676 /* Debug */ = {
			isa = XCBuildConfiguration;
			buildSettings = {
				CLANG_CXX_LANGUAGE_STANDARD = "gnu++0x";
				CLANG_STATIC_ANALYZER_MODE = deep;
				MACOSX_DEPLOYMENT_TARGET = 10.11;
				OTHER_LDFLAGS = "-ObjC";
				PRODUCT_NAME = "$(TARGET_NAME)";
				RUN_CLANG_STATIC_ANALYZER = YES;
			};
			name = Debug;
		};
		58B511B11A9E6C1300147676 /* Release */ = {
			isa = XCBuildConfiguration;
			buildSettings = {
				CLANG_CXX_LANGUAGE_STANDARD = "gnu++0x";
				CLANG_STATIC_ANALYZER_MODE = deep;
				MACOSX_DEPLOYMENT_TARGET = 10.11;
				OTHER_LDFLAGS = "-ObjC";
				PRODUCT_NAME = "$(TARGET_NAME)";
			};
			name = Release;
		};
/* End XCBuildConfiguration section */

/* Begin XCConfigurationList section */
		2D2A28831D9B048500D4039D /* Build configuration list for PBXNativeTarget "RCTText-tvOS" */ = {
			isa = XCConfigurationList;
			buildConfigurations = (
				2D2A28811D9B048500D4039D /* Debug */,
				2D2A28821D9B048500D4039D /* Release */,
			);
			defaultConfigurationIsVisible = 0;
			defaultConfigurationName = Release;
		};
		58B511961A9E6C1200147676 /* Build configuration list for PBXProject "RCTText" */ = {
			isa = XCConfigurationList;
			buildConfigurations = (
				58B511AD1A9E6C1300147676 /* Debug */,
				58B511AE1A9E6C1300147676 /* Release */,
			);
			defaultConfigurationIsVisible = 0;
			defaultConfigurationName = Release;
		};
		58B511AF1A9E6C1300147676 /* Build configuration list for PBXNativeTarget "RCTText" */ = {
			isa = XCConfigurationList;
			buildConfigurations = (
				58B511B01A9E6C1300147676 /* Debug */,
				58B511B11A9E6C1300147676 /* Release */,
			);
			defaultConfigurationIsVisible = 0;
			defaultConfigurationName = Release;
		};
/* End XCConfigurationList section */
	};
	rootObject = 58B511931A9E6C1200147676 /* Project object */;
}
