// !$*UTF8*$!
{
	archiveVersion = 1;
	classes = {
	};
	objectVersion = 46;
	objects = {

/* Begin PBXBuildFile section */
		031C66511CCD130E0040AD03 /* libSwiftGtk.dylib in Frameworks */ = {isa = PBXBuildFile; fileRef = "_____Product_SwiftGtk" /* libSwiftGtk.dylib */; };
		03A96A291CD1045900CC6C14 /* BridgeModule.swift in Sources */ = {isa = PBXBuildFile; fileRef = 03A96A271CD0E2A400CC6C14 /* BridgeModule.swift */; };
		03A96A2B1CD12AC400CC6C14 /* Utils.swift in Sources */ = {isa = PBXBuildFile; fileRef = 03A96A2A1CD12AC400CC6C14 /* Utils.swift */; };
		03A96A2C1CD130B000CC6C14 /* Utils.swift in Sources */ = {isa = PBXBuildFile; fileRef = 03A96A2A1CD12AC400CC6C14 /* Utils.swift */; };
		_LinkFileRef_SwiftGtk /* libSwiftGtk.dylib in Frameworks */ = {isa = PBXBuildFile; fileRef = "_____Product_SwiftGtk" /* libSwiftGtk.dylib */; };
		"__src_cc_ref_Packages/SwiftGtk-0.4.0/Sources/Application.swift" /* Application.swift in Sources */ = {isa = PBXBuildFile; fileRef = "__PBXFileRef_Packages/SwiftGtk-0.4.0/Sources/Application.swift" /* Application.swift */; };
		"__src_cc_ref_Packages/SwiftGtk-0.4.0/Sources/ApplicationWindow.swift" /* ApplicationWindow.swift in Sources */ = {isa = PBXBuildFile; fileRef = "__PBXFileRef_Packages/SwiftGtk-0.4.0/Sources/ApplicationWindow.swift" /* ApplicationWindow.swift */; };
		"__src_cc_ref_Packages/SwiftGtk-0.4.0/Sources/Bin.swift" /* Bin.swift in Sources */ = {isa = PBXBuildFile; fileRef = "__PBXFileRef_Packages/SwiftGtk-0.4.0/Sources/Bin.swift" /* Bin.swift */; };
		"__src_cc_ref_Packages/SwiftGtk-0.4.0/Sources/Box.swift" /* Box.swift in Sources */ = {isa = PBXBuildFile; fileRef = "__PBXFileRef_Packages/SwiftGtk-0.4.0/Sources/Box.swift" /* Box.swift */; };
		"__src_cc_ref_Packages/SwiftGtk-0.4.0/Sources/Button.swift" /* Button.swift in Sources */ = {isa = PBXBuildFile; fileRef = "__PBXFileRef_Packages/SwiftGtk-0.4.0/Sources/Button.swift" /* Button.swift */; };
		"__src_cc_ref_Packages/SwiftGtk-0.4.0/Sources/ButtonBox.swift" /* ButtonBox.swift in Sources */ = {isa = PBXBuildFile; fileRef = "__PBXFileRef_Packages/SwiftGtk-0.4.0/Sources/ButtonBox.swift" /* ButtonBox.swift */; };
		"__src_cc_ref_Packages/SwiftGtk-0.4.0/Sources/Calendar.swift" /* Calendar.swift in Sources */ = {isa = PBXBuildFile; fileRef = "__PBXFileRef_Packages/SwiftGtk-0.4.0/Sources/Calendar.swift" /* Calendar.swift */; };
		"__src_cc_ref_Packages/SwiftGtk-0.4.0/Sources/Common.swift" /* Common.swift in Sources */ = {isa = PBXBuildFile; fileRef = "__PBXFileRef_Packages/SwiftGtk-0.4.0/Sources/Common.swift" /* Common.swift */; };
		"__src_cc_ref_Packages/SwiftGtk-0.4.0/Sources/Container.swift" /* Container.swift in Sources */ = {isa = PBXBuildFile; fileRef = "__PBXFileRef_Packages/SwiftGtk-0.4.0/Sources/Container.swift" /* Container.swift */; };
		"__src_cc_ref_Packages/SwiftGtk-0.4.0/Sources/Image.swift" /* Image.swift in Sources */ = {isa = PBXBuildFile; fileRef = "__PBXFileRef_Packages/SwiftGtk-0.4.0/Sources/Image.swift" /* Image.swift */; };
		"__src_cc_ref_Packages/SwiftGtk-0.4.0/Sources/Label.swift" /* Label.swift in Sources */ = {isa = PBXBuildFile; fileRef = "__PBXFileRef_Packages/SwiftGtk-0.4.0/Sources/Label.swift" /* Label.swift */; };
		"__src_cc_ref_Packages/SwiftGtk-0.4.0/Sources/SignalBox.swift" /* SignalBox.swift in Sources */ = {isa = PBXBuildFile; fileRef = "__PBXFileRef_Packages/SwiftGtk-0.4.0/Sources/SignalBox.swift" /* SignalBox.swift */; };
		"__src_cc_ref_Packages/SwiftGtk-0.4.0/Sources/Signals.swift" /* Signals.swift in Sources */ = {isa = PBXBuildFile; fileRef = "__PBXFileRef_Packages/SwiftGtk-0.4.0/Sources/Signals.swift" /* Signals.swift */; };
		"__src_cc_ref_Packages/SwiftGtk-0.4.0/Sources/Size.swift" /* Size.swift in Sources */ = {isa = PBXBuildFile; fileRef = "__PBXFileRef_Packages/SwiftGtk-0.4.0/Sources/Size.swift" /* Size.swift */; };
		"__src_cc_ref_Packages/SwiftGtk-0.4.0/Sources/TextView.swift" /* TextView.swift in Sources */ = {isa = PBXBuildFile; fileRef = "__PBXFileRef_Packages/SwiftGtk-0.4.0/Sources/TextView.swift" /* TextView.swift */; };
		"__src_cc_ref_Packages/SwiftGtk-0.4.0/Sources/Value.swift" /* Value.swift in Sources */ = {isa = PBXBuildFile; fileRef = "__PBXFileRef_Packages/SwiftGtk-0.4.0/Sources/Value.swift" /* Value.swift */; };
		"__src_cc_ref_Packages/SwiftGtk-0.4.0/Sources/Widget.swift" /* Widget.swift in Sources */ = {isa = PBXBuildFile; fileRef = "__PBXFileRef_Packages/SwiftGtk-0.4.0/Sources/Widget.swift" /* Widget.swift */; };
		"__src_cc_ref_Packages/SwiftGtk-0.4.0/Sources/Window.swift" /* Window.swift in Sources */ = {isa = PBXBuildFile; fileRef = "__PBXFileRef_Packages/SwiftGtk-0.4.0/Sources/Window.swift" /* Window.swift */; };
		__src_cc_ref_Sources/Bridge.swift /* Bridge.swift in Sources */ = {isa = PBXBuildFile; fileRef = __PBXFileRef_Sources/Bridge.swift /* Bridge.swift */; };
		__src_cc_ref_Sources/JavaScriptCore.swift /* JavaScriptCore.swift in Sources */ = {isa = PBXBuildFile; fileRef = __PBXFileRef_Sources/JavaScriptCore.swift /* JavaScriptCore.swift */; };
		__src_cc_ref_Sources/main.swift /* main.swift in Sources */ = {isa = PBXBuildFile; fileRef = __PBXFileRef_Sources/main.swift /* main.swift */; };
		__src_cc_ref_Tests/bridge/BridgeTests.swift /* BridgeTests.swift in Sources */ = {isa = PBXBuildFile; fileRef = __PBXFileRef_Tests/bridge/BridgeTests.swift /* BridgeTests.swift */; };
/* End PBXBuildFile section */

/* Begin PBXContainerItemProxy section */
		031C66521CCD13110040AD03 /* PBXContainerItemProxy */ = {
			isa = PBXContainerItemProxy;
			containerPortal = __RootObject_ /* Project object */;
			proxyType = 1;
			remoteGlobalIDString = "______Target_SwiftGtk";
			remoteInfo = SwiftGtk;
		};
		03A96A2D1CD2075C00CC6C14 /* PBXContainerItemProxy */ = {
			isa = PBXContainerItemProxy;
			containerPortal = __RootObject_ /* Project object */;
			proxyType = 1;
			remoteGlobalIDString = "______Target_UIExplorerGtk";
			remoteInfo = UIExplorerGtk;
		};
/* End PBXContainerItemProxy section */

/* Begin PBXFileReference section */
		03A96A271CD0E2A400CC6C14 /* BridgeModule.swift */ = {isa = PBXFileReference; fileEncoding = 4; lastKnownFileType = sourcecode.swift; path = BridgeModule.swift; sourceTree = "<group>"; };
		03A96A2A1CD12AC400CC6C14 /* Utils.swift */ = {isa = PBXFileReference; fileEncoding = 4; lastKnownFileType = sourcecode.swift; path = Utils.swift; sourceTree = "<group>"; };
		__PBXFileRef_Package.swift /* Package.swift */ = {isa = PBXFileReference; lastKnownFileType = sourcecode.swift; name = Package.swift; path = /Users/potomushto/Projects/rnlinux/ReactLinux/UIExplorerGtk/Package.swift; sourceTree = "<group>"; };
		"__PBXFileRef_Packages/SwiftGtk-0.4.0/Sources/Application.swift" /* Application.swift */ = {isa = PBXFileReference; lastKnownFileType = sourcecode.swift; path = Application.swift; sourceTree = "<group>"; };
		"__PBXFileRef_Packages/SwiftGtk-0.4.0/Sources/ApplicationWindow.swift" /* ApplicationWindow.swift */ = {isa = PBXFileReference; lastKnownFileType = sourcecode.swift; path = ApplicationWindow.swift; sourceTree = "<group>"; };
		"__PBXFileRef_Packages/SwiftGtk-0.4.0/Sources/Bin.swift" /* Bin.swift */ = {isa = PBXFileReference; lastKnownFileType = sourcecode.swift; path = Bin.swift; sourceTree = "<group>"; };
		"__PBXFileRef_Packages/SwiftGtk-0.4.0/Sources/Box.swift" /* Box.swift */ = {isa = PBXFileReference; lastKnownFileType = sourcecode.swift; path = Box.swift; sourceTree = "<group>"; };
		"__PBXFileRef_Packages/SwiftGtk-0.4.0/Sources/Button.swift" /* Button.swift */ = {isa = PBXFileReference; lastKnownFileType = sourcecode.swift; path = Button.swift; sourceTree = "<group>"; };
		"__PBXFileRef_Packages/SwiftGtk-0.4.0/Sources/ButtonBox.swift" /* ButtonBox.swift */ = {isa = PBXFileReference; lastKnownFileType = sourcecode.swift; path = ButtonBox.swift; sourceTree = "<group>"; };
		"__PBXFileRef_Packages/SwiftGtk-0.4.0/Sources/Calendar.swift" /* Calendar.swift */ = {isa = PBXFileReference; lastKnownFileType = sourcecode.swift; path = Calendar.swift; sourceTree = "<group>"; };
		"__PBXFileRef_Packages/SwiftGtk-0.4.0/Sources/Common.swift" /* Common.swift */ = {isa = PBXFileReference; lastKnownFileType = sourcecode.swift; path = Common.swift; sourceTree = "<group>"; };
		"__PBXFileRef_Packages/SwiftGtk-0.4.0/Sources/Container.swift" /* Container.swift */ = {isa = PBXFileReference; lastKnownFileType = sourcecode.swift; path = Container.swift; sourceTree = "<group>"; };
		"__PBXFileRef_Packages/SwiftGtk-0.4.0/Sources/Image.swift" /* Image.swift */ = {isa = PBXFileReference; lastKnownFileType = sourcecode.swift; path = Image.swift; sourceTree = "<group>"; };
		"__PBXFileRef_Packages/SwiftGtk-0.4.0/Sources/Label.swift" /* Label.swift */ = {isa = PBXFileReference; lastKnownFileType = sourcecode.swift; path = Label.swift; sourceTree = "<group>"; };
		"__PBXFileRef_Packages/SwiftGtk-0.4.0/Sources/SignalBox.swift" /* SignalBox.swift */ = {isa = PBXFileReference; lastKnownFileType = sourcecode.swift; path = SignalBox.swift; sourceTree = "<group>"; };
		"__PBXFileRef_Packages/SwiftGtk-0.4.0/Sources/Signals.swift" /* Signals.swift */ = {isa = PBXFileReference; lastKnownFileType = sourcecode.swift; path = Signals.swift; sourceTree = "<group>"; };
		"__PBXFileRef_Packages/SwiftGtk-0.4.0/Sources/Size.swift" /* Size.swift */ = {isa = PBXFileReference; lastKnownFileType = sourcecode.swift; path = Size.swift; sourceTree = "<group>"; };
		"__PBXFileRef_Packages/SwiftGtk-0.4.0/Sources/TextView.swift" /* TextView.swift */ = {isa = PBXFileReference; lastKnownFileType = sourcecode.swift; path = TextView.swift; sourceTree = "<group>"; };
		"__PBXFileRef_Packages/SwiftGtk-0.4.0/Sources/Value.swift" /* Value.swift */ = {isa = PBXFileReference; lastKnownFileType = sourcecode.swift; path = Value.swift; sourceTree = "<group>"; };
		"__PBXFileRef_Packages/SwiftGtk-0.4.0/Sources/Widget.swift" /* Widget.swift */ = {isa = PBXFileReference; lastKnownFileType = sourcecode.swift; path = Widget.swift; sourceTree = "<group>"; };
		"__PBXFileRef_Packages/SwiftGtk-0.4.0/Sources/Window.swift" /* Window.swift */ = {isa = PBXFileReference; lastKnownFileType = sourcecode.swift; path = Window.swift; sourceTree = "<group>"; };
		__PBXFileRef_Sources/Bridge.swift /* Bridge.swift */ = {isa = PBXFileReference; lastKnownFileType = sourcecode.swift; path = Bridge.swift; sourceTree = "<group>"; };
		__PBXFileRef_Sources/JavaScriptCore.swift /* JavaScriptCore.swift */ = {isa = PBXFileReference; lastKnownFileType = sourcecode.swift; path = JavaScriptCore.swift; sourceTree = "<group>"; };
		__PBXFileRef_Sources/main.swift /* main.swift */ = {isa = PBXFileReference; lastKnownFileType = sourcecode.swift; path = main.swift; sourceTree = "<group>"; };
		__PBXFileRef_Tests/bridge/BridgeTests.swift /* BridgeTests.swift */ = {isa = PBXFileReference; lastKnownFileType = sourcecode.swift; path = BridgeTests.swift; sourceTree = "<group>"; };
		"_____Product_SwiftGtk" /* libSwiftGtk.dylib */ = {isa = PBXFileReference; explicitFileType = "compiled.mach-o.dylib"; path = libSwiftGtk.dylib; sourceTree = BUILT_PRODUCTS_DIR; };
		"_____Product_UIExplorerGtk" /* UIExplorerGtk */ = {isa = PBXFileReference; explicitFileType = "compiled.mach-o.executable"; path = UIExplorerGtk; sourceTree = BUILT_PRODUCTS_DIR; };
		"_____Product_bridgeTestSuite" /* bridge.testsuite.xctest */ = {isa = PBXFileReference; explicitFileType = wrapper.cfbundle; path = bridge.testsuite.xctest; sourceTree = BUILT_PRODUCTS_DIR; };
/* End PBXFileReference section */

/* Begin PBXFrameworksBuildPhase section */
		"___LinkPhase_SwiftGtk" /* Frameworks */ = {
			isa = PBXFrameworksBuildPhase;
			buildActionMask = 0;
			files = (
			);
			runOnlyForDeploymentPostprocessing = 0;
		};
		"___LinkPhase_UIExplorerGtk" /* Frameworks */ = {
			isa = PBXFrameworksBuildPhase;
			buildActionMask = 0;
			files = (
				_LinkFileRef_SwiftGtk /* libSwiftGtk.dylib in Frameworks */,
			);
			runOnlyForDeploymentPostprocessing = 0;
		};
		"___LinkPhase_bridgeTestSuite" /* Frameworks */ = {
			isa = PBXFrameworksBuildPhase;
			buildActionMask = 0;
			files = (
				031C66511CCD130E0040AD03 /* libSwiftGtk.dylib in Frameworks */,
			);
			runOnlyForDeploymentPostprocessing = 0;
		};
/* End PBXFrameworksBuildPhase section */

/* Begin PBXGroup section */
		Dependencies_ /* Dependencies */ = {
			isa = PBXGroup;
			children = (
				"_______Group_SwiftGtk" /* SwiftGtk */,
			);
			name = Dependencies;
			sourceTree = "<group>";
		};
		TestProducts_ /* Tests */ = {
			isa = PBXGroup;
			children = (
				"_____Product_bridgeTestSuite" /* bridge.testsuite.xctest */,
			);
			name = Tests;
			sourceTree = "<group>";
		};
		"___RootGroup_" = {
			isa = PBXGroup;
			children = (
				__PBXFileRef_Package.swift /* Package.swift */,
				"_____Sources_" /* Sources */,
				Dependencies_ /* Dependencies */,
				"_______Tests_" /* Tests */,
				"____Products_" /* Products */,
			);
			sourceTree = "<group>";
		};
		"____Products_" /* Products */ = {
			isa = PBXGroup;
			children = (
				TestProducts_ /* Tests */,
				"_____Product_SwiftGtk" /* libSwiftGtk.dylib */,
				"_____Product_UIExplorerGtk" /* UIExplorerGtk */,
			);
			name = Products;
			sourceTree = "<group>";
		};
		"_____Sources_" /* Sources */ = {
			isa = PBXGroup;
			children = (
				"_______Group_UIExplorerGtk" /* UIExplorerGtk */,
			);
			name = Sources;
			sourceTree = "<group>";
		};
		"_______Group_SwiftGtk" /* SwiftGtk */ = {
			isa = PBXGroup;
			children = (
				"__PBXFileRef_Packages/SwiftGtk-0.4.0/Sources/Application.swift" /* Application.swift */,
				"__PBXFileRef_Packages/SwiftGtk-0.4.0/Sources/ApplicationWindow.swift" /* ApplicationWindow.swift */,
				"__PBXFileRef_Packages/SwiftGtk-0.4.0/Sources/Bin.swift" /* Bin.swift */,
				"__PBXFileRef_Packages/SwiftGtk-0.4.0/Sources/Box.swift" /* Box.swift */,
				"__PBXFileRef_Packages/SwiftGtk-0.4.0/Sources/Button.swift" /* Button.swift */,
				"__PBXFileRef_Packages/SwiftGtk-0.4.0/Sources/ButtonBox.swift" /* ButtonBox.swift */,
				"__PBXFileRef_Packages/SwiftGtk-0.4.0/Sources/Calendar.swift" /* Calendar.swift */,
				"__PBXFileRef_Packages/SwiftGtk-0.4.0/Sources/Common.swift" /* Common.swift */,
				"__PBXFileRef_Packages/SwiftGtk-0.4.0/Sources/Container.swift" /* Container.swift */,
				"__PBXFileRef_Packages/SwiftGtk-0.4.0/Sources/Image.swift" /* Image.swift */,
				"__PBXFileRef_Packages/SwiftGtk-0.4.0/Sources/Label.swift" /* Label.swift */,
				"__PBXFileRef_Packages/SwiftGtk-0.4.0/Sources/SignalBox.swift" /* SignalBox.swift */,
				"__PBXFileRef_Packages/SwiftGtk-0.4.0/Sources/Signals.swift" /* Signals.swift */,
				"__PBXFileRef_Packages/SwiftGtk-0.4.0/Sources/Size.swift" /* Size.swift */,
				"__PBXFileRef_Packages/SwiftGtk-0.4.0/Sources/TextView.swift" /* TextView.swift */,
				"__PBXFileRef_Packages/SwiftGtk-0.4.0/Sources/Value.swift" /* Value.swift */,
				"__PBXFileRef_Packages/SwiftGtk-0.4.0/Sources/Widget.swift" /* Widget.swift */,
				"__PBXFileRef_Packages/SwiftGtk-0.4.0/Sources/Window.swift" /* Window.swift */,
			);
			name = SwiftGtk;
			path = "Packages/SwiftGtk-0.4.0/Sources";
			sourceTree = "<group>";
		};
		"_______Group_UIExplorerGtk" /* UIExplorerGtk */ = {
			isa = PBXGroup;
			children = (
				__PBXFileRef_Sources/Bridge.swift /* Bridge.swift */,
				__PBXFileRef_Sources/JavaScriptCore.swift /* JavaScriptCore.swift */,
				__PBXFileRef_Sources/main.swift /* main.swift */,
				03A96A271CD0E2A400CC6C14 /* BridgeModule.swift */,
				03A96A2A1CD12AC400CC6C14 /* Utils.swift */,
			);
			name = UIExplorerGtk;
			path = Sources;
			sourceTree = "<group>";
		};
		"_______Group_bridgeTestSuite" /* bridge.testsuite */ = {
			isa = PBXGroup;
			children = (
				__PBXFileRef_Tests/bridge/BridgeTests.swift /* BridgeTests.swift */,
			);
			name = bridge.testsuite;
			path = Tests/bridge;
			sourceTree = "<group>";
		};
		"_______Tests_" /* Tests */ = {
			isa = PBXGroup;
			children = (
				"_______Group_bridgeTestSuite" /* bridge.testsuite */,
			);
			name = Tests;
			sourceTree = "<group>";
		};
/* End PBXGroup section */

/* Begin PBXNativeTarget section */
		"______Target_SwiftGtk" /* SwiftGtk */ = {
			isa = PBXNativeTarget;
			buildConfigurationList = "_______Confs_SwiftGtk" /* Build configuration list for PBXNativeTarget "SwiftGtk" */;
			buildPhases = (
				CompilePhase_SwiftGtk /* Sources */,
				"___LinkPhase_SwiftGtk" /* Frameworks */,
			);
			buildRules = (
			);
			dependencies = (
			);
			name = SwiftGtk;
			productName = SwiftGtk;
			productReference = "_____Product_SwiftGtk" /* libSwiftGtk.dylib */;
			productType = "com.apple.product-type.library.dynamic";
		};
		"______Target_UIExplorerGtk" /* UIExplorerGtk */ = {
			isa = PBXNativeTarget;
			buildConfigurationList = "_______Confs_UIExplorerGtk" /* Build configuration list for PBXNativeTarget "UIExplorerGtk" */;
			buildPhases = (
				CompilePhase_UIExplorerGtk /* Sources */,
				"___LinkPhase_UIExplorerGtk" /* Frameworks */,
			);
			buildRules = (
			);
			dependencies = (
				__Dependency_SwiftGtk /* PBXTargetDependency */,
			);
			name = UIExplorerGtk;
			productName = UIExplorerGtk;
			productReference = "_____Product_UIExplorerGtk" /* UIExplorerGtk */;
			productType = "com.apple.product-type.tool";
		};
		"______Target_bridgeTestSuite" /* bridge.testsuite */ = {
			isa = PBXNativeTarget;
			buildConfigurationList = "_______Confs_bridgeTestSuite" /* Build configuration list for PBXNativeTarget "bridge.testsuite" */;
			buildPhases = (
				CompilePhase_bridgeTestSuite /* Sources */,
				"___LinkPhase_bridgeTestSuite" /* Frameworks */,
			);
			buildRules = (
			);
			dependencies = (
				03A96A2E1CD2075C00CC6C14 /* PBXTargetDependency */,
				__Dependency_SwiftGtk /* PBXTargetDependency */,
			);
			name = bridge.testsuite;
			productName = bridgeTestSuite;
			productReference = "_____Product_bridgeTestSuite" /* bridge.testsuite.xctest */;
			productType = "com.apple.product-type.bundle.unit-test";
		};
/* End PBXNativeTarget section */

/* Begin PBXProject section */
		__RootObject_ /* Project object */ = {
			isa = PBXProject;
			attributes = {
				LastUpgradeCheck = 9999;
			};
			buildConfigurationList = "___RootConfs_" /* Build configuration list for PBXProject "UIExplorerGtk" */;
			compatibilityVersion = "Xcode 3.2";
			developmentRegion = English;
			hasScannedForEncodings = 0;
			knownRegions = (
				en,
			);
			mainGroup = "___RootGroup_";
			productRefGroup = "____Products_" /* Products */;
			projectDirPath = "";
			projectRoot = "";
			targets = (
				"______Target_SwiftGtk" /* SwiftGtk */,
				"______Target_UIExplorerGtk" /* UIExplorerGtk */,
				"______Target_bridgeTestSuite" /* bridge.testsuite */,
			);
		};
/* End PBXProject section */

/* Begin PBXSourcesBuildPhase section */
		CompilePhase_SwiftGtk /* Sources */ = {
			isa = PBXSourcesBuildPhase;
			buildActionMask = 0;
			files = (
				"__src_cc_ref_Packages/SwiftGtk-0.4.0/Sources/Application.swift" /* Application.swift in Sources */,
				"__src_cc_ref_Packages/SwiftGtk-0.4.0/Sources/ApplicationWindow.swift" /* ApplicationWindow.swift in Sources */,
				"__src_cc_ref_Packages/SwiftGtk-0.4.0/Sources/Bin.swift" /* Bin.swift in Sources */,
				"__src_cc_ref_Packages/SwiftGtk-0.4.0/Sources/Box.swift" /* Box.swift in Sources */,
				"__src_cc_ref_Packages/SwiftGtk-0.4.0/Sources/Button.swift" /* Button.swift in Sources */,
				"__src_cc_ref_Packages/SwiftGtk-0.4.0/Sources/ButtonBox.swift" /* ButtonBox.swift in Sources */,
				"__src_cc_ref_Packages/SwiftGtk-0.4.0/Sources/Calendar.swift" /* Calendar.swift in Sources */,
				"__src_cc_ref_Packages/SwiftGtk-0.4.0/Sources/Common.swift" /* Common.swift in Sources */,
				"__src_cc_ref_Packages/SwiftGtk-0.4.0/Sources/Container.swift" /* Container.swift in Sources */,
				"__src_cc_ref_Packages/SwiftGtk-0.4.0/Sources/Image.swift" /* Image.swift in Sources */,
				"__src_cc_ref_Packages/SwiftGtk-0.4.0/Sources/Label.swift" /* Label.swift in Sources */,
				"__src_cc_ref_Packages/SwiftGtk-0.4.0/Sources/SignalBox.swift" /* SignalBox.swift in Sources */,
				"__src_cc_ref_Packages/SwiftGtk-0.4.0/Sources/Signals.swift" /* Signals.swift in Sources */,
				"__src_cc_ref_Packages/SwiftGtk-0.4.0/Sources/Size.swift" /* Size.swift in Sources */,
				03A96A2B1CD12AC400CC6C14 /* Utils.swift in Sources */,
				"__src_cc_ref_Packages/SwiftGtk-0.4.0/Sources/TextView.swift" /* TextView.swift in Sources */,
				"__src_cc_ref_Packages/SwiftGtk-0.4.0/Sources/Value.swift" /* Value.swift in Sources */,
				"__src_cc_ref_Packages/SwiftGtk-0.4.0/Sources/Widget.swift" /* Widget.swift in Sources */,
				"__src_cc_ref_Packages/SwiftGtk-0.4.0/Sources/Window.swift" /* Window.swift in Sources */,
			);
			runOnlyForDeploymentPostprocessing = 0;
		};
		CompilePhase_UIExplorerGtk /* Sources */ = {
			isa = PBXSourcesBuildPhase;
			buildActionMask = 0;
			files = (
				03A96A2C1CD130B000CC6C14 /* Utils.swift in Sources */,
				__src_cc_ref_Sources/Bridge.swift /* Bridge.swift in Sources */,
				03A96A291CD1045900CC6C14 /* BridgeModule.swift in Sources */,
				__src_cc_ref_Sources/JavaScriptCore.swift /* JavaScriptCore.swift in Sources */,
				__src_cc_ref_Sources/main.swift /* main.swift in Sources */,
			);
			runOnlyForDeploymentPostprocessing = 0;
		};
		CompilePhase_bridgeTestSuite /* Sources */ = {
			isa = PBXSourcesBuildPhase;
			buildActionMask = 0;
			files = (
				__src_cc_ref_Tests/bridge/BridgeTests.swift /* BridgeTests.swift in Sources */,
			);
			runOnlyForDeploymentPostprocessing = 0;
		};
/* End PBXSourcesBuildPhase section */

/* Begin PBXTargetDependency section */
		03A96A2E1CD2075C00CC6C14 /* PBXTargetDependency */ = {
			isa = PBXTargetDependency;
			target = "______Target_UIExplorerGtk" /* UIExplorerGtk */;
			targetProxy = 03A96A2D1CD2075C00CC6C14 /* PBXContainerItemProxy */;
		};
		__Dependency_SwiftGtk /* PBXTargetDependency */ = {
			isa = PBXTargetDependency;
			target = "______Target_SwiftGtk" /* SwiftGtk */;
			targetProxy = 031C66521CCD13110040AD03 /* PBXContainerItemProxy */;
		};
/* End PBXTargetDependency section */

/* Begin XCBuildConfiguration section */
		_ReleaseConf_SwiftGtk /* Release */ = {
			isa = XCBuildConfiguration;
			buildSettings = {
				COMBINE_HIDPI_IMAGES = YES;
				DYLIB_INSTALL_NAME_BASE = "$(CONFIGURATION_BUILD_DIR)";
				ENABLE_TESTABILITY = YES;
				FRAMEWORK_SEARCH_PATHS = (
					"/usr/local/include/gtk-3.0/**",
					"/usr/local/include/glib-2.0/**",
					"/usr/local/include/pango-1.0/**",
					"/usr/local/include/glib-2.0/gobject/**",
					"/usr/local/lib/glib-2.0/include/**",
					"/usr/local/include/atk-1.0/**",
				);
				HEADER_SEARCH_PATHS = (
					"/Users/potomushto/Projects/rnlinux/ReactLinux/UIExplorerGtk/Packages/CGtk-OSX-1.0.0",
					"/usr/local/include/gtk-3.0",
					"/usr/local/include/glib-2.0/gobject",
					"/usr/local/include/glib-2.0/",
					"/usr/local/include/pango-1.0",
					"/usr/local/include/gdk-pixbuf-2.0",
					"/usr/local/lib/glib-2.0/include",
					"/usr/local/include/atk-1.0",
					/usr/local/include/cairo,
				);
				LD_RUNPATH_SEARCH_PATHS = "$(TOOLCHAIN_DIR)/usr/lib/swift/macosx";
				MACOSX_DEPLOYMENT_TARGET = 10.10;
				OTHER_CFLAGS = "";
				OTHER_LDFLAGS = (
					"-L/usr/local/Cellar/gtk+3/3.18.9/lib",
					"-L/usr/local/Cellar/pango/1.38.1/lib",
					"-L/usr/local/Cellar/atk/2.18.0_1/lib",
					"-L/usr/local/Cellar/cairo/1.14.6_1/lib",
					"-L/usr/local/Cellar/gdk-pixbuf/2.32.3/lib",
					"-L/usr/local/Cellar/glib/2.46.2/lib",
					"-L/usr/local/opt/gettext/lib",
				);
				OTHER_SWIFT_FLAGS = "-DXcode";
				PRODUCT_MODULE_NAME = SwiftGtk;
				PRODUCT_NAME = "lib$(TARGET_NAME)";
			};
			name = Release;
		};
		_ReleaseConf_UIExplorerGtk /* Release */ = {
			isa = XCBuildConfiguration;
			buildSettings = {
				COMBINE_HIDPI_IMAGES = YES;
				HEADER_SEARCH_PATHS = "/Users/potomushto/Projects/rnlinux/ReactLinux/UIExplorerGtk/Packages/CGtk-OSX-1.0.0";
				LD_RUNPATH_SEARCH_PATHS = "$(TOOLCHAIN_DIR)/usr/lib/swift/macosx";
				MACOSX_DEPLOYMENT_TARGET = 10.10;
				OTHER_CFLAGS = "";
				OTHER_LDFLAGS = (
					"-L/usr/local/Cellar/gtk+3/3.18.9/lib",
					"-L/usr/local/Cellar/pango/1.38.1/lib",
					"-L/usr/local/Cellar/atk/2.18.0_1/lib",
					"-L/usr/local/Cellar/cairo/1.14.6_1/lib",
					"-L/usr/local/Cellar/gdk-pixbuf/2.32.3/lib",
					"-L/usr/local/Cellar/glib/2.46.2/lib",
					"-L/usr/local/opt/gettext/lib",
				);
				OTHER_SWIFT_FLAGS = "-DXcode";
				PRODUCT_MODULE_NAME = UIExplorerGtk;
				PRODUCT_NAME = "$(TARGET_NAME)";
				SWIFT_FORCE_DYNAMIC_LINK_STDLIB = YES;
				SWIFT_FORCE_STATIC_LINK_STDLIB = NO;
			};
			name = Release;
		};
		_ReleaseConf_bridgeTestSuite /* Release */ = {
			isa = XCBuildConfiguration;
			buildSettings = {
				COMBINE_HIDPI_IMAGES = YES;
				EMBEDDED_CONTENT_CONTAINS_SWIFT = YES;
				HEADER_SEARCH_PATHS = "/Users/potomushto/Projects/rnlinux/ReactLinux/UIExplorerGtk/Packages/CGtk-OSX-1.0.0";
				LD_RUNPATH_SEARCH_PATHS = "@loader_path/../Frameworks";
				MACOSX_DEPLOYMENT_TARGET = 10.10;
				OTHER_CFLAGS = "";
				OTHER_LDFLAGS = "";
				OTHER_SWIFT_FLAGS = "-DXcode";
				PRODUCT_MODULE_NAME = bridgeTestSuite;
				PRODUCT_NAME = "$(TARGET_NAME)";
			};
			name = Release;
		};
		"___DebugConf_SwiftGtk" /* Debug */ = {
			isa = XCBuildConfiguration;
			buildSettings = {
				COMBINE_HIDPI_IMAGES = YES;
				DYLIB_INSTALL_NAME_BASE = "$(CONFIGURATION_BUILD_DIR)";
				ENABLE_TESTABILITY = YES;
				FRAMEWORK_SEARCH_PATHS = (
					"/usr/local/include/gtk-3.0/**",
					"/usr/local/include/glib-2.0/**",
					"/usr/local/include/pango-1.0/**",
					"/usr/local/include/glib-2.0/gobject/**",
					"/usr/local/lib/glib-2.0/include/**",
					"/usr/local/include/atk-1.0/**",
				);
				HEADER_SEARCH_PATHS = (
					"/Users/potomushto/Projects/rnlinux/ReactLinux/UIExplorerGtk/Packages/CGtk-OSX-1.0.0",
					"/usr/local/include/gtk-3.0",
					"/usr/local/include/glib-2.0/gobject",
					"/usr/local/include/glib-2.0/",
					"/usr/local/include/pango-1.0",
					"/usr/local/include/gdk-pixbuf-2.0",
					"/usr/local/lib/glib-2.0/include",
					"/usr/local/include/atk-1.0",
					/usr/local/include/cairo,
				);
				LD_RUNPATH_SEARCH_PATHS = "$(TOOLCHAIN_DIR)/usr/lib/swift/macosx";
				MACOSX_DEPLOYMENT_TARGET = 10.10;
				OTHER_CFLAGS = "";
				OTHER_LDFLAGS = (
					"-L/usr/local/Cellar/gtk+3/3.18.9/lib",
					"-L/usr/local/Cellar/pango/1.38.1/lib",
					"-L/usr/local/Cellar/atk/2.18.0_1/lib",
					"-L/usr/local/Cellar/cairo/1.14.6_1/lib",
					"-L/usr/local/Cellar/gdk-pixbuf/2.32.3/lib",
					"-L/usr/local/Cellar/glib/2.46.2/lib",
					"-L/usr/local/opt/gettext/lib",
				);
				OTHER_SWIFT_FLAGS = "-DXcode";
				PRODUCT_MODULE_NAME = SwiftGtk;
				PRODUCT_NAME = "lib$(TARGET_NAME)";
				SWIFT_OPTIMIZATION_LEVEL = "-Onone";
			};
			name = Debug;
		};
		"___DebugConf_UIExplorerGtk" /* Debug */ = {
			isa = XCBuildConfiguration;
			buildSettings = {
				COMBINE_HIDPI_IMAGES = YES;
				HEADER_SEARCH_PATHS = "/Users/potomushto/Projects/rnlinux/ReactLinux/UIExplorerGtk/Packages/CGtk-OSX-1.0.0";
				LD_RUNPATH_SEARCH_PATHS = "$(TOOLCHAIN_DIR)/usr/lib/swift/macosx";
				MACOSX_DEPLOYMENT_TARGET = 10.10;
				OTHER_CFLAGS = "";
				OTHER_LDFLAGS = (
					"-L/usr/local/Cellar/gtk+3/3.18.9/lib",
					"-L/usr/local/Cellar/pango/1.38.1/lib",
					"-L/usr/local/Cellar/atk/2.18.0_1/lib",
					"-L/usr/local/Cellar/cairo/1.14.6_1/lib",
					"-L/usr/local/Cellar/gdk-pixbuf/2.32.3/lib",
					"-L/usr/local/Cellar/glib/2.46.2/lib",
					"-L/usr/local/opt/gettext/lib",
				);
				OTHER_SWIFT_FLAGS = "-DXcode";
				PRODUCT_MODULE_NAME = UIExplorerGtk;
				PRODUCT_NAME = "$(TARGET_NAME)";
				SWIFT_FORCE_DYNAMIC_LINK_STDLIB = YES;
				SWIFT_FORCE_STATIC_LINK_STDLIB = NO;
				SWIFT_OPTIMIZATION_LEVEL = "-Onone";
			};
			name = Debug;
		};
		"___DebugConf_bridgeTestSuite" /* Debug */ = {
			isa = XCBuildConfiguration;
			buildSettings = {
				COMBINE_HIDPI_IMAGES = YES;
				EMBEDDED_CONTENT_CONTAINS_SWIFT = YES;
				HEADER_SEARCH_PATHS = "/Users/potomushto/Projects/rnlinux/ReactLinux/UIExplorerGtk/Packages/CGtk-OSX-1.0.0";
				LD_RUNPATH_SEARCH_PATHS = "@loader_path/../Frameworks";
				MACOSX_DEPLOYMENT_TARGET = 10.10;
				OTHER_CFLAGS = "";
				OTHER_LDFLAGS = "";
				OTHER_SWIFT_FLAGS = "-DXcode";
				PRODUCT_MODULE_NAME = bridgeTestSuite;
				PRODUCT_NAME = "$(TARGET_NAME)";
				SWIFT_OPTIMIZATION_LEVEL = "-Onone";
			};
			name = Debug;
		};
		"_____Release_" /* Release */ = {
			isa = XCBuildConfiguration;
			buildSettings = {
				HEADER_SEARCH_PATHS = (
					"/usr/local/include/gtk-3.0",
					"/usr/local/include/glib-2.0/gobject",
				);
				OTHER_LDFLAGS = (
					"-L/usr/local/Cellar/gtk+3/3.18.9/lib",
					"-L/usr/local/Cellar/pango/1.38.1/lib",
					"-L/usr/local/Cellar/atk/2.18.0_1/lib",
					"-L/usr/local/Cellar/cairo/1.14.6_1/lib",
					"-L/usr/local/Cellar/gdk-pixbuf/2.32.3/lib",
					"-L/usr/local/Cellar/glib/2.46.2/lib",
					"-L/usr/local/opt/gettext/lib",
				);
			};
			name = Release;
		};
		"_______Debug_" /* Debug */ = {
			isa = XCBuildConfiguration;
			buildSettings = {
				HEADER_SEARCH_PATHS = (
					"/usr/local/include/gtk-3.0",
					"/usr/local/include/glib-2.0/gobject",
				);
				OTHER_LDFLAGS = (
					"-L/usr/local/Cellar/gtk+3/3.18.9/lib",
					"-L/usr/local/Cellar/pango/1.38.1/lib",
					"-L/usr/local/Cellar/atk/2.18.0_1/lib",
					"-L/usr/local/Cellar/cairo/1.14.6_1/lib",
					"-L/usr/local/Cellar/gdk-pixbuf/2.32.3/lib",
					"-L/usr/local/Cellar/glib/2.46.2/lib",
					"-L/usr/local/opt/gettext/lib",
				);
			};
			name = Debug;
		};
/* End XCBuildConfiguration section */

/* Begin XCConfigurationList section */
		"___RootConfs_" /* Build configuration list for PBXProject "UIExplorerGtk" */ = {
			isa = XCConfigurationList;
			buildConfigurations = (
				"_______Debug_" /* Debug */,
				"_____Release_" /* Release */,
			);
			defaultConfigurationIsVisible = 0;
			defaultConfigurationName = Debug;
		};
		"_______Confs_SwiftGtk" /* Build configuration list for PBXNativeTarget "SwiftGtk" */ = {
			isa = XCConfigurationList;
			buildConfigurations = (
				"___DebugConf_SwiftGtk" /* Debug */,
				_ReleaseConf_SwiftGtk /* Release */,
			);
			defaultConfigurationIsVisible = 0;
			defaultConfigurationName = Debug;
		};
		"_______Confs_UIExplorerGtk" /* Build configuration list for PBXNativeTarget "UIExplorerGtk" */ = {
			isa = XCConfigurationList;
			buildConfigurations = (
				"___DebugConf_UIExplorerGtk" /* Debug */,
				_ReleaseConf_UIExplorerGtk /* Release */,
			);
			defaultConfigurationIsVisible = 0;
			defaultConfigurationName = Debug;
		};
		"_______Confs_bridgeTestSuite" /* Build configuration list for PBXNativeTarget "bridge.testsuite" */ = {
			isa = XCConfigurationList;
			buildConfigurations = (
				"___DebugConf_bridgeTestSuite" /* Debug */,
				_ReleaseConf_bridgeTestSuite /* Release */,
			);
			defaultConfigurationIsVisible = 0;
			defaultConfigurationName = Debug;
		};
/* End XCConfigurationList section */
	};
	rootObject = __RootObject_ /* Project object */;
}
