// !$*UTF8*$!
{
	archiveVersion = 1;
	classes = {
	};
	objectVersion = 46;
	objects = {

/* Begin PBXBuildFile section */
		039780D31BD79C7000452D23 /* AppDelegate.m in Sources */ = {isa = PBXBuildFile; fileRef = 039780D21BD79C7000452D23 /* AppDelegate.m */; };
		039780D61BD79C7000452D23 /* main.m in Sources */ = {isa = PBXBuildFile; fileRef = 039780D51BD79C7000452D23 /* main.m */; };
		039780D81BD79C7000452D23 /* Assets.xcassets in Resources */ = {isa = PBXBuildFile; fileRef = 039780D71BD79C7000452D23 /* Assets.xcassets */; };
		039781011BD79ECA00452D23 /* libRCTNetwork.a in Frameworks */ = {isa = PBXBuildFile; fileRef = 039781001BD79EBA00452D23 /* libRCTNetwork.a */; };
		039781021BD79ECA00452D23 /* libRCTText.a in Frameworks */ = {isa = PBXBuildFile; fileRef = 039780F41BD79E8700452D23 /* libRCTText.a */; };
		039781031BD79ECA00452D23 /* libRCTWebSocket.a in Frameworks */ = {isa = PBXBuildFile; fileRef = 039780FA1BD79E9E00452D23 /* libRCTWebSocket.a */; };
		039781041BD79ECA00452D23 /* libReact.a in Frameworks */ = {isa = PBXBuildFile; fileRef = 039780EE1BD79E6200452D23 /* libReact.a */; };
		0397810B1BD7C1BA00452D23 /* libRCTLinking.a in Frameworks */ = {isa = PBXBuildFile; fileRef = 0397810A1BD7BF3100452D23 /* libRCTLinking.a */; };
/* End PBXBuildFile section */

/* Begin PBXContainerItemProxy section */
		039780ED1BD79E6200452D23 /* PBXContainerItemProxy */ = {
			isa = PBXContainerItemProxy;
			containerPortal = 039780E91BD79E6200452D23 /* React.xcodeproj */;
			proxyType = 2;
			remoteGlobalIDString = 83CBBA2E1A601D0E00E9B192;
			remoteInfo = React;
		};
		039780F31BD79E8700452D23 /* PBXContainerItemProxy */ = {
			isa = PBXContainerItemProxy;
			containerPortal = 039780EF1BD79E8700452D23 /* RCTText.xcodeproj */;
			proxyType = 2;
			remoteGlobalIDString = 58B5119B1A9E6C1200147676;
			remoteInfo = RCTText;
		};
		039780F91BD79E9E00452D23 /* PBXContainerItemProxy */ = {
			isa = PBXContainerItemProxy;
			containerPortal = 039780F51BD79E9E00452D23 /* RCTWebSocket.xcodeproj */;
			proxyType = 2;
			remoteGlobalIDString = 3C86DF461ADF2C930047B81A;
			remoteInfo = RCTWebSocket;
		};
		039780FF1BD79EBA00452D23 /* PBXContainerItemProxy */ = {
			isa = PBXContainerItemProxy;
			containerPortal = 039780FB1BD79EBA00452D23 /* RCTNetwork.xcodeproj */;
			proxyType = 2;
			remoteGlobalIDString = 58B511DB1A9E6C8500147676;
			remoteInfo = RCTNetwork;
		};
		039781091BD7BF3100452D23 /* PBXContainerItemProxy */ = {
			isa = PBXContainerItemProxy;
			containerPortal = 039781051BD7BF3100452D23 /* RCTLinking.xcodeproj */;
			proxyType = 2;
			remoteGlobalIDString = 134814201AA4EA6300B7C361;
			remoteInfo = RCTLinking;
		};
/* End PBXContainerItemProxy section */

/* Begin PBXFileReference section */
		039780CE1BD79C7000452D23 /* SimpleGmailClient.app */ = {isa = PBXFileReference; explicitFileType = wrapper.application; includeInIndex = 0; path = SimpleGmailClient.app; sourceTree = BUILT_PRODUCTS_DIR; };
		039780D11BD79C7000452D23 /* AppDelegate.h */ = {isa = PBXFileReference; lastKnownFileType = sourcecode.c.h; path = AppDelegate.h; sourceTree = "<group>"; };
		039780D21BD79C7000452D23 /* AppDelegate.m */ = {isa = PBXFileReference; lastKnownFileType = sourcecode.c.objc; path = AppDelegate.m; sourceTree = "<group>"; };
		039780D51BD79C7000452D23 /* main.m */ = {isa = PBXFileReference; lastKnownFileType = sourcecode.c.objc; path = main.m; sourceTree = "<group>"; };
		039780D71BD79C7000452D23 /* Assets.xcassets */ = {isa = PBXFileReference; lastKnownFileType = folder.assetcatalog; path = Assets.xcassets; sourceTree = "<group>"; };
		039780DC1BD79C7000452D23 /* Info.plist */ = {isa = PBXFileReference; lastKnownFileType = text.plist.xml; path = Info.plist; sourceTree = "<group>"; };
		039780E91BD79E6200452D23 /* React.xcodeproj */ = {isa = PBXFileReference; lastKnownFileType = "wrapper.pb-project"; name = React.xcodeproj; path = ../../React/React.xcodeproj; sourceTree = "<group>"; };
		039780EF1BD79E8700452D23 /* RCTText.xcodeproj */ = {isa = PBXFileReference; lastKnownFileType = "wrapper.pb-project"; name = RCTText.xcodeproj; path = ../../Libraries/Text/RCTText.xcodeproj; sourceTree = "<group>"; };
		039780F51BD79E9E00452D23 /* RCTWebSocket.xcodeproj */ = {isa = PBXFileReference; lastKnownFileType = "wrapper.pb-project"; name = RCTWebSocket.xcodeproj; path = ../../Libraries/WebSocket/RCTWebSocket.xcodeproj; sourceTree = "<group>"; };
		039780FB1BD79EBA00452D23 /* RCTNetwork.xcodeproj */ = {isa = PBXFileReference; lastKnownFileType = "wrapper.pb-project"; name = RCTNetwork.xcodeproj; path = ../../Libraries/Network/RCTNetwork.xcodeproj; sourceTree = "<group>"; };
		039781051BD7BF3100452D23 /* RCTLinking.xcodeproj */ = {isa = PBXFileReference; lastKnownFileType = "wrapper.pb-project"; name = RCTLinking.xcodeproj; path = ../../Libraries/LinkingIOS/RCTLinking.xcodeproj; sourceTree = "<group>"; };
/* End PBXFileReference section */

/* Begin PBXFrameworksBuildPhase section */
		039780CB1BD79C7000452D23 /* Frameworks */ = {
			isa = PBXFrameworksBuildPhase;
			buildActionMask = 2147483647;
			files = (
				0397810B1BD7C1BA00452D23 /* libRCTLinking.a in Frameworks */,
				039781011BD79ECA00452D23 /* libRCTNetwork.a in Frameworks */,
				039781021BD79ECA00452D23 /* libRCTText.a in Frameworks */,
				039781031BD79ECA00452D23 /* libRCTWebSocket.a in Frameworks */,
				039781041BD79ECA00452D23 /* libReact.a in Frameworks */,
			);
			runOnlyForDeploymentPostprocessing = 0;
		};
/* End PBXFrameworksBuildPhase section */

/* Begin PBXGroup section */
		039780C51BD79C7000452D23 = {
			isa = PBXGroup;
			children = (
				039780D01BD79C7000452D23 /* SimpleGmailClient */,
				039780CF1BD79C7000452D23 /* Products */,
				039780E21BD79C8400452D23 /* Libraries */,
			);
			sourceTree = "<group>";
		};
		039780CF1BD79C7000452D23 /* Products */ = {
			isa = PBXGroup;
			children = (
				039780CE1BD79C7000452D23 /* SimpleGmailClient.app */,
			);
			name = Products;
			sourceTree = "<group>";
		};
		039780D01BD79C7000452D23 /* SimpleGmailClient */ = {
			isa = PBXGroup;
			children = (
				039780D11BD79C7000452D23 /* AppDelegate.h */,
				039780D21BD79C7000452D23 /* AppDelegate.m */,
				039780D71BD79C7000452D23 /* Assets.xcassets */,
				039780DC1BD79C7000452D23 /* Info.plist */,
				039780D41BD79C7000452D23 /* Supporting Files */,
			);
			path = SimpleGmailClient;
			sourceTree = "<group>";
		};
		039780D41BD79C7000452D23 /* Supporting Files */ = {
			isa = PBXGroup;
			children = (
				039780D51BD79C7000452D23 /* main.m */,
			);
			name = "Supporting Files";
			sourceTree = "<group>";
		};
		039780E21BD79C8400452D23 /* Libraries */ = {
			isa = PBXGroup;
			children = (
				039781051BD7BF3100452D23 /* RCTLinking.xcodeproj */,
				039780FB1BD79EBA00452D23 /* RCTNetwork.xcodeproj */,
				039780F51BD79E9E00452D23 /* RCTWebSocket.xcodeproj */,
				039780EF1BD79E8700452D23 /* RCTText.xcodeproj */,
				039780E91BD79E6200452D23 /* React.xcodeproj */,
			);
			name = Libraries;
			sourceTree = "<group>";
		};
		039780EA1BD79E6200452D23 /* Products */ = {
			isa = PBXGroup;
			children = (
				039780EE1BD79E6200452D23 /* libReact.a */,
			);
			name = Products;
			sourceTree = "<group>";
		};
		039780F01BD79E8700452D23 /* Products */ = {
			isa = PBXGroup;
			children = (
				039780F41BD79E8700452D23 /* libRCTText.a */,
			);
			name = Products;
			sourceTree = "<group>";
		};
		039780F61BD79E9E00452D23 /* Products */ = {
			isa = PBXGroup;
			children = (
				039780FA1BD79E9E00452D23 /* libRCTWebSocket.a */,
			);
			name = Products;
			sourceTree = "<group>";
		};
		039780FC1BD79EBA00452D23 /* Products */ = {
			isa = PBXGroup;
			children = (
				039781001BD79EBA00452D23 /* libRCTNetwork.a */,
			);
			name = Products;
			sourceTree = "<group>";
		};
		039781061BD7BF3100452D23 /* Products */ = {
			isa = PBXGroup;
			children = (
				0397810A1BD7BF3100452D23 /* libRCTLinking.a */,
			);
			name = Products;
			sourceTree = "<group>";
		};
/* End PBXGroup section */

/* Begin PBXNativeTarget section */
		039780CD1BD79C7000452D23 /* SimpleGmailClient */ = {
			isa = PBXNativeTarget;
			buildConfigurationList = 039780DF1BD79C7000452D23 /* Build configuration list for PBXNativeTarget "SimpleGmailClient" */;
			buildPhases = (
				039780CA1BD79C7000452D23 /* Sources */,
				039780CB1BD79C7000452D23 /* Frameworks */,
				039780CC1BD79C7000452D23 /* Resources */,
			);
			buildRules = (
			);
			dependencies = (
			);
			name = SimpleGmailClient;
			productName = SimpleGmailClient;
			productReference = 039780CE1BD79C7000452D23 /* SimpleGmailClient.app */;
			productType = "com.apple.product-type.application";
		};
/* End PBXNativeTarget section */

/* Begin PBXProject section */
		039780C61BD79C7000452D23 /* Project object */ = {
			isa = PBXProject;
			attributes = {
				LastUpgradeCheck = 0710;
				ORGANIZATIONNAME = Elephant;
				TargetAttributes = {
					039780CD1BD79C7000452D23 = {
						CreatedOnToolsVersion = 7.1;
					};
				};
			};
			buildConfigurationList = 039780C91BD79C7000452D23 /* Build configuration list for PBXProject "SimpleGmailClient" */;
			compatibilityVersion = "Xcode 3.2";
			developmentRegion = English;
			hasScannedForEncodings = 0;
			knownRegions = (
				en,
				Base,
			);
			mainGroup = 039780C51BD79C7000452D23;
			productRefGroup = 039780CF1BD79C7000452D23 /* Products */;
			projectDirPath = "";
			projectReferences = (
				{
					ProductGroup = 039781061BD7BF3100452D23 /* Products */;
					ProjectRef = 039781051BD7BF3100452D23 /* RCTLinking.xcodeproj */;
				},
				{
					ProductGroup = 039780FC1BD79EBA00452D23 /* Products */;
					ProjectRef = 039780FB1BD79EBA00452D23 /* RCTNetwork.xcodeproj */;
				},
				{
					ProductGroup = 039780F01BD79E8700452D23 /* Products */;
					ProjectRef = 039780EF1BD79E8700452D23 /* RCTText.xcodeproj */;
				},
				{
					ProductGroup = 039780F61BD79E9E00452D23 /* Products */;
					ProjectRef = 039780F51BD79E9E00452D23 /* RCTWebSocket.xcodeproj */;
				},
				{
					ProductGroup = 039780EA1BD79E6200452D23 /* Products */;
					ProjectRef = 039780E91BD79E6200452D23 /* React.xcodeproj */;
				},
			);
			projectRoot = "";
			targets = (
				039780CD1BD79C7000452D23 /* SimpleGmailClient */,
			);
		};
/* End PBXProject section */

/* Begin PBXReferenceProxy section */
		039780EE1BD79E6200452D23 /* libReact.a */ = {
			isa = PBXReferenceProxy;
			fileType = archive.ar;
			path = libReact.a;
			remoteRef = 039780ED1BD79E6200452D23 /* PBXContainerItemProxy */;
			sourceTree = BUILT_PRODUCTS_DIR;
		};
		039780F41BD79E8700452D23 /* libRCTText.a */ = {
			isa = PBXReferenceProxy;
			fileType = archive.ar;
			path = libRCTText.a;
			remoteRef = 039780F31BD79E8700452D23 /* PBXContainerItemProxy */;
			sourceTree = BUILT_PRODUCTS_DIR;
		};
		039780FA1BD79E9E00452D23 /* libRCTWebSocket.a */ = {
			isa = PBXReferenceProxy;
			fileType = archive.ar;
			path = libRCTWebSocket.a;
			remoteRef = 039780F91BD79E9E00452D23 /* PBXContainerItemProxy */;
			sourceTree = BUILT_PRODUCTS_DIR;
		};
		039781001BD79EBA00452D23 /* libRCTNetwork.a */ = {
			isa = PBXReferenceProxy;
			fileType = archive.ar;
			path = libRCTNetwork.a;
			remoteRef = 039780FF1BD79EBA00452D23 /* PBXContainerItemProxy */;
			sourceTree = BUILT_PRODUCTS_DIR;
		};
		0397810A1BD7BF3100452D23 /* libRCTLinking.a */ = {
			isa = PBXReferenceProxy;
			fileType = archive.ar;
			path = libRCTLinking.a;
			remoteRef = 039781091BD7BF3100452D23 /* PBXContainerItemProxy */;
			sourceTree = BUILT_PRODUCTS_DIR;
		};
/* End PBXReferenceProxy section */

/* Begin PBXResourcesBuildPhase section */
		039780CC1BD79C7000452D23 /* Resources */ = {
			isa = PBXResourcesBuildPhase;
			buildActionMask = 2147483647;
			files = (
				039780D81BD79C7000452D23 /* Assets.xcassets in Resources */,
			);
			runOnlyForDeploymentPostprocessing = 0;
		};
/* End PBXResourcesBuildPhase section */

/* Begin PBXSourcesBuildPhase section */
		039780CA1BD79C7000452D23 /* Sources */ = {
			isa = PBXSourcesBuildPhase;
			buildActionMask = 2147483647;
			files = (
				039780D61BD79C7000452D23 /* main.m in Sources */,
				039780D31BD79C7000452D23 /* AppDelegate.m in Sources */,
			);
			runOnlyForDeploymentPostprocessing = 0;
		};
/* End PBXSourcesBuildPhase section */

/* Begin XCBuildConfiguration section */
		039780DD1BD79C7000452D23 /* Debug */ = {
			isa = XCBuildConfiguration;
			buildSettings = {
				ALWAYS_SEARCH_USER_PATHS = YES;
				CLANG_CXX_LANGUAGE_STANDARD = "gnu++0x";
				CLANG_CXX_LIBRARY = "libc++";
				CLANG_ENABLE_MODULES = YES;
				CLANG_ENABLE_OBJC_ARC = YES;
				CLANG_WARN_BOOL_CONVERSION = YES;
				CLANG_WARN_CONSTANT_CONVERSION = YES;
				CLANG_WARN_DIRECT_OBJC_ISA_USAGE = YES_ERROR;
				CLANG_WARN_EMPTY_BODY = YES;
				CLANG_WARN_ENUM_CONVERSION = YES;
				CLANG_WARN_INT_CONVERSION = YES;
				CLANG_WARN_OBJC_ROOT_CLASS = YES_ERROR;
				CLANG_WARN_UNREACHABLE_CODE = YES;
				CLANG_WARN__DUPLICATE_METHOD_MATCH = YES;
				CODE_SIGN_IDENTITY = "-";
				COPY_PHASE_STRIP = NO;
				DEBUG_INFORMATION_FORMAT = dwarf;
				ENABLE_STRICT_OBJC_MSGSEND = YES;
				ENABLE_TESTABILITY = YES;
				GCC_C_LANGUAGE_STANDARD = gnu99;
				GCC_DYNAMIC_NO_PIC = NO;
				GCC_NO_COMMON_BLOCKS = YES;
				GCC_OPTIMIZATION_LEVEL = 0;
				GCC_PREPROCESSOR_DEFINITIONS = (
					"DEBUG=1",
					"$(inherited)",
				);
				GCC_WARN_64_TO_32_BIT_CONVERSION = YES;
				GCC_WARN_ABOUT_RETURN_TYPE = YES_ERROR;
				GCC_WARN_UNDECLARED_SELECTOR = YES;
				GCC_WARN_UNINITIALIZED_AUTOS = YES_AGGRESSIVE;
				GCC_WARN_UNUSED_FUNCTION = YES;
				GCC_WARN_UNUSED_VARIABLE = YES;
				MACOSX_DEPLOYMENT_TARGET = 10.11;
				MTL_ENABLE_DEBUG_INFO = YES;
				ONLY_ACTIVE_ARCH = YES;
				SDKROOT = macosx;
			};
			name = Debug;
		};
		039780DE1BD79C7000452D23 /* Release */ = {
			isa = XCBuildConfiguration;
			buildSettings = {
				ALWAYS_SEARCH_USER_PATHS = YES;
				CLANG_CXX_LANGUAGE_STANDARD = "gnu++0x";
				CLANG_CXX_LIBRARY = "libc++";
				CLANG_ENABLE_MODULES = YES;
				CLANG_ENABLE_OBJC_ARC = YES;
				CLANG_WARN_BOOL_CONVERSION = YES;
				CLANG_WARN_CONSTANT_CONVERSION = YES;
				CLANG_WARN_DIRECT_OBJC_ISA_USAGE = YES_ERROR;
				CLANG_WARN_EMPTY_BODY = YES;
				CLANG_WARN_ENUM_CONVERSION = YES;
				CLANG_WARN_INT_CONVERSION = YES;
				CLANG_WARN_OBJC_ROOT_CLASS = YES_ERROR;
				CLANG_WARN_UNREACHABLE_CODE = YES;
				CLANG_WARN__DUPLICATE_METHOD_MATCH = YES;
				CODE_SIGN_IDENTITY = "-";
				COPY_PHASE_STRIP = NO;
				DEBUG_INFORMATION_FORMAT = "dwarf-with-dsym";
				ENABLE_NS_ASSERTIONS = NO;
				ENABLE_STRICT_OBJC_MSGSEND = YES;
				GCC_C_LANGUAGE_STANDARD = gnu99;
				GCC_NO_COMMON_BLOCKS = YES;
				GCC_WARN_64_TO_32_BIT_CONVERSION = YES;
				GCC_WARN_ABOUT_RETURN_TYPE = YES_ERROR;
				GCC_WARN_UNDECLARED_SELECTOR = YES;
				GCC_WARN_UNINITIALIZED_AUTOS = YES_AGGRESSIVE;
				GCC_WARN_UNUSED_FUNCTION = YES;
				GCC_WARN_UNUSED_VARIABLE = YES;
				MACOSX_DEPLOYMENT_TARGET = 10.11;
				MTL_ENABLE_DEBUG_INFO = NO;
				SDKROOT = macosx;
			};
			name = Release;
		};
		039780E01BD79C7000452D23 /* Debug */ = {
			isa = XCBuildConfiguration;
			buildSettings = {
				ASSETCATALOG_COMPILER_APPICON_NAME = AppIcon;
				COMBINE_HIDPI_IMAGES = YES;
				HEADER_SEARCH_PATHS = (
					"$(SRCROOT)/../../React/**",
					"$(inherited)",
				);
				INFOPLIST_FILE = SimpleGmailClient/Info.plist;
				LD_RUNPATH_SEARCH_PATHS = "$(inherited) @executable_path/../Frameworks";
				OTHER_LDFLAGS = "-ObjC";
				PRODUCT_BUNDLE_IDENTIFIER = com.elephant.SimpleGmailClient;
				PRODUCT_NAME = "$(TARGET_NAME)";
			};
			name = Debug;
		};
		039780E11BD79C7000452D23 /* Release */ = {
			isa = XCBuildConfiguration;
			buildSettings = {
				ASSETCATALOG_COMPILER_APPICON_NAME = AppIcon;
				COMBINE_HIDPI_IMAGES = YES;
				HEADER_SEARCH_PATHS = (
					"$(SRCROOT)/../../React/**",
					"$(inherited)",
				);
				INFOPLIST_FILE = SimpleGmailClient/Info.plist;
				LD_RUNPATH_SEARCH_PATHS = "$(inherited) @executable_path/../Frameworks";
				OTHER_LDFLAGS = "-ObjC";
				PRODUCT_BUNDLE_IDENTIFIER = com.elephant.SimpleGmailClient;
				PRODUCT_NAME = "$(TARGET_NAME)";
			};
			name = Release;
		};
/* End XCBuildConfiguration section */

/* Begin XCConfigurationList section */
		039780C91BD79C7000452D23 /* Build configuration list for PBXProject "SimpleGmailClient" */ = {
			isa = XCConfigurationList;
			buildConfigurations = (
				039780DD1BD79C7000452D23 /* Debug */,
				039780DE1BD79C7000452D23 /* Release */,
			);
			defaultConfigurationIsVisible = 0;
			defaultConfigurationName = Release;
		};
		039780DF1BD79C7000452D23 /* Build configuration list for PBXNativeTarget "SimpleGmailClient" */ = {
			isa = XCConfigurationList;
			buildConfigurations = (
				039780E01BD79C7000452D23 /* Debug */,
				039780E11BD79C7000452D23 /* Release */,
			);
			defaultConfigurationIsVisible = 0;
			defaultConfigurationName = Release;
		};
/* End XCConfigurationList section */
	};
	rootObject = 039780C61BD79C7000452D23 /* Project object */;
}
