// !$*UTF8*$!
{
	archiveVersion = 1;
	classes = {
	};
	objectVersion = 46;
	objects = {

/* Begin PBXBuildFile section */
		032625AA1BBD2A51001C8FC1 /* LoadingView.xib in Resources */ = {isa = PBXBuildFile; fileRef = 032625A91BBD2A51001C8FC1 /* LoadingView.xib */; };
		032799EE1BB6B4500015275D /* AppDelegate.m in Sources */ = {isa = PBXBuildFile; fileRef = 032799ED1BB6B4500015275D /* AppDelegate.m */; };
		032799F11BB6B4500015275D /* main.m in Sources */ = {isa = PBXBuildFile; fileRef = 032799F01BB6B4500015275D /* main.m */; };
		032799F31BB6B4500015275D /* Assets.xcassets in Resources */ = {isa = PBXBuildFile; fileRef = 032799F21BB6B4500015275D /* Assets.xcassets */; };
		03279A2C1BB8435E0015275D /* libReact.a in Frameworks */ = {isa = PBXBuildFile; fileRef = 03279A121BB6B6ED0015275D /* libReact.a */; };
		0372B5C81BBA3E7A00D83533 /* MainMenu.xib in Resources */ = {isa = PBXBuildFile; fileRef = 0372B5C61BBA3E7A00D83533 /* MainMenu.xib */; };
		03EAB5791BC184350051C6F1 /* libRCTNetwork.a in Frameworks */ = {isa = PBXBuildFile; fileRef = 03EAB5771BC181C10051C6F1 /* libRCTNetwork.a */; };
/* End PBXBuildFile section */

/* Begin PBXContainerItemProxy section */
		03279A111BB6B6ED0015275D /* PBXContainerItemProxy */ = {
			isa = PBXContainerItemProxy;
			containerPortal = 03279A0D1BB6B6ED0015275D /* React.xcodeproj */;
			proxyType = 2;
			remoteGlobalIDString = 83CBBA2E1A601D0E00E9B192;
			remoteInfo = React;
		};
		03EAB5761BC181C10051C6F1 /* PBXContainerItemProxy */ = {
			isa = PBXContainerItemProxy;
			containerPortal = 03EAB5721BC181C10051C6F1 /* RCTNetwork.xcodeproj */;
			proxyType = 2;
			remoteGlobalIDString = 58B511DB1A9E6C8500147676;
			remoteInfo = RCTNetwork;
		};
/* End PBXContainerItemProxy section */

/* Begin PBXFileReference section */
		032625A91BBD2A51001C8FC1 /* LoadingView.xib */ = {isa = PBXFileReference; fileEncoding = 4; lastKnownFileType = file.xib; path = LoadingView.xib; sourceTree = "<group>"; };
		032799E91BB6B4500015275D /* Neutrino.app */ = {isa = PBXFileReference; explicitFileType = wrapper.application; includeInIndex = 0; path = Neutrino.app; sourceTree = BUILT_PRODUCTS_DIR; };
		032799EC1BB6B4500015275D /* AppDelegate.h */ = {isa = PBXFileReference; lastKnownFileType = sourcecode.c.h; path = AppDelegate.h; sourceTree = "<group>"; };
		032799ED1BB6B4500015275D /* AppDelegate.m */ = {isa = PBXFileReference; lastKnownFileType = sourcecode.c.objc; path = AppDelegate.m; sourceTree = "<group>"; };
		032799F01BB6B4500015275D /* main.m */ = {isa = PBXFileReference; lastKnownFileType = sourcecode.c.objc; path = main.m; sourceTree = "<group>"; };
		032799F21BB6B4500015275D /* Assets.xcassets */ = {isa = PBXFileReference; lastKnownFileType = folder.assetcatalog; path = Assets.xcassets; sourceTree = "<group>"; };
		032799F71BB6B4500015275D /* Info.plist */ = {isa = PBXFileReference; lastKnownFileType = text.plist.xml; path = Info.plist; sourceTree = "<group>"; };
		03279A0D1BB6B6ED0015275D /* React.xcodeproj */ = {isa = PBXFileReference; lastKnownFileType = "wrapper.pb-project"; name = React.xcodeproj; path = ../../React/React.xcodeproj; sourceTree = "<group>"; };
		0372B5C71BBA3E7A00D83533 /* Base */ = {isa = PBXFileReference; lastKnownFileType = file.xib; name = Base; path = Base.lproj/MainMenu.xib; sourceTree = "<group>"; };
		03EAB5721BC181C10051C6F1 /* RCTNetwork.xcodeproj */ = {isa = PBXFileReference; lastKnownFileType = "wrapper.pb-project"; name = RCTNetwork.xcodeproj; path = ../../Libraries/Network/RCTNetwork.xcodeproj; sourceTree = "<group>"; };
/* End PBXFileReference section */

/* Begin PBXFrameworksBuildPhase section */
		032799E61BB6B4500015275D /* Frameworks */ = {
			isa = PBXFrameworksBuildPhase;
			buildActionMask = 2147483647;
			files = (
				03EAB5791BC184350051C6F1 /* libRCTNetwork.a in Frameworks */,
				03279A2C1BB8435E0015275D /* libReact.a in Frameworks */,
			);
			runOnlyForDeploymentPostprocessing = 0;
		};
/* End PBXFrameworksBuildPhase section */

/* Begin PBXGroup section */
		032799E01BB6B4500015275D = {
			isa = PBXGroup;
			children = (
				032799EB1BB6B4500015275D /* Neutrino */,
				032799EA1BB6B4500015275D /* Products */,
				03279A001BB6B4F30015275D /* Libraries */,
			);
			sourceTree = "<group>";
		};
		032799EA1BB6B4500015275D /* Products */ = {
			isa = PBXGroup;
			children = (
				032799E91BB6B4500015275D /* Neutrino.app */,
			);
			name = Products;
			sourceTree = "<group>";
		};
		032799EB1BB6B4500015275D /* Neutrino */ = {
			isa = PBXGroup;
			children = (
				0372B5C61BBA3E7A00D83533 /* MainMenu.xib */,
				032799EC1BB6B4500015275D /* AppDelegate.h */,
				032799ED1BB6B4500015275D /* AppDelegate.m */,
				032799F21BB6B4500015275D /* Assets.xcassets */,
				032799F71BB6B4500015275D /* Info.plist */,
				032799EF1BB6B4500015275D /* Supporting Files */,
				032625A91BBD2A51001C8FC1 /* LoadingView.xib */,
			);
			path = Neutrino;
			sourceTree = "<group>";
		};
		032799EF1BB6B4500015275D /* Supporting Files */ = {
			isa = PBXGroup;
			children = (
				032799F01BB6B4500015275D /* main.m */,
			);
			name = "Supporting Files";
			sourceTree = "<group>";
		};
		03279A001BB6B4F30015275D /* Libraries */ = {
			isa = PBXGroup;
			children = (
				03EAB5721BC181C10051C6F1 /* RCTNetwork.xcodeproj */,
				03279A0D1BB6B6ED0015275D /* React.xcodeproj */,
			);
			name = Libraries;
			sourceTree = "<group>";
		};
		03279A0E1BB6B6ED0015275D /* Products */ = {
			isa = PBXGroup;
			children = (
				03279A121BB6B6ED0015275D /* libReact.a */,
			);
			name = Products;
			sourceTree = "<group>";
		};
		03EAB5731BC181C10051C6F1 /* Products */ = {
			isa = PBXGroup;
			children = (
				03EAB5771BC181C10051C6F1 /* libRCTNetwork.a */,
			);
			name = Products;
			sourceTree = "<group>";
		};
/* End PBXGroup section */

/* Begin PBXNativeTarget section */
		032799E81BB6B4500015275D /* Neutrino */ = {
			isa = PBXNativeTarget;
			buildConfigurationList = 032799FA1BB6B4500015275D /* Build configuration list for PBXNativeTarget "Neutrino" */;
			buildPhases = (
				032799E51BB6B4500015275D /* Sources */,
				032799E61BB6B4500015275D /* Frameworks */,
				032799E71BB6B4500015275D /* Resources */,
			);
			buildRules = (
			);
			dependencies = (
			);
			name = Neutrino;
			productName = Neutrino;
			productReference = 032799E91BB6B4500015275D /* Neutrino.app */;
			productType = "com.apple.product-type.application";
		};
/* End PBXNativeTarget section */

/* Begin PBXProject section */
		032799E11BB6B4500015275D /* Project object */ = {
			isa = PBXProject;
			attributes = {
				LastUpgradeCheck = 0710;
				ORGANIZATIONNAME = Elephant;
				TargetAttributes = {
					032799E81BB6B4500015275D = {
						CreatedOnToolsVersion = 7.1;
					};
				};
			};
			buildConfigurationList = 032799E41BB6B4500015275D /* Build configuration list for PBXProject "Neutrino" */;
			compatibilityVersion = "Xcode 3.2";
			developmentRegion = English;
			hasScannedForEncodings = 0;
			knownRegions = (
				en,
				Base,
			);
			mainGroup = 032799E01BB6B4500015275D;
			productRefGroup = 032799EA1BB6B4500015275D /* Products */;
			projectDirPath = "";
			projectReferences = (
				{
					ProductGroup = 03EAB5731BC181C10051C6F1 /* Products */;
					ProjectRef = 03EAB5721BC181C10051C6F1 /* RCTNetwork.xcodeproj */;
				},
				{
					ProductGroup = 03279A0E1BB6B6ED0015275D /* Products */;
					ProjectRef = 03279A0D1BB6B6ED0015275D /* React.xcodeproj */;
				},
			);
			projectRoot = "";
			targets = (
				032799E81BB6B4500015275D /* Neutrino */,
			);
		};
/* End PBXProject section */

/* Begin PBXReferenceProxy section */
		03279A121BB6B6ED0015275D /* libReact.a */ = {
			isa = PBXReferenceProxy;
			fileType = archive.ar;
			path = libReact.a;
			remoteRef = 03279A111BB6B6ED0015275D /* PBXContainerItemProxy */;
			sourceTree = BUILT_PRODUCTS_DIR;
		};
		03EAB5771BC181C10051C6F1 /* libRCTNetwork.a */ = {
			isa = PBXReferenceProxy;
			fileType = archive.ar;
			path = libRCTNetwork.a;
			remoteRef = 03EAB5761BC181C10051C6F1 /* PBXContainerItemProxy */;
			sourceTree = BUILT_PRODUCTS_DIR;
		};
/* End PBXReferenceProxy section */

/* Begin PBXResourcesBuildPhase section */
		032799E71BB6B4500015275D /* Resources */ = {
			isa = PBXResourcesBuildPhase;
			buildActionMask = 2147483647;
			files = (
				032625AA1BBD2A51001C8FC1 /* LoadingView.xib in Resources */,
				032799F31BB6B4500015275D /* Assets.xcassets in Resources */,
				0372B5C81BBA3E7A00D83533 /* MainMenu.xib in Resources */,
			);
			runOnlyForDeploymentPostprocessing = 0;
		};
/* End PBXResourcesBuildPhase section */

/* Begin PBXSourcesBuildPhase section */
		032799E51BB6B4500015275D /* Sources */ = {
			isa = PBXSourcesBuildPhase;
			buildActionMask = 2147483647;
			files = (
				032799F11BB6B4500015275D /* main.m in Sources */,
				032799EE1BB6B4500015275D /* AppDelegate.m in Sources */,
			);
			runOnlyForDeploymentPostprocessing = 0;
		};
/* End PBXSourcesBuildPhase section */

/* Begin PBXVariantGroup section */
		0372B5C61BBA3E7A00D83533 /* MainMenu.xib */ = {
			isa = PBXVariantGroup;
			children = (
				0372B5C71BBA3E7A00D83533 /* Base */,
			);
			name = MainMenu.xib;
			sourceTree = "<group>";
		};
/* End PBXVariantGroup section */

/* Begin XCBuildConfiguration section */
		032799F81BB6B4500015275D /* Debug */ = {
			isa = XCBuildConfiguration;
			buildSettings = {
				ALWAYS_SEARCH_USER_PATHS = NO;
				CLANG_CXX_LANGUAGE_STANDARD = "gnu++0x";
				CLANG_CXX_LIBRARY = "libc++";
				CLANG_ENABLE_MODULES = YES;
				CLANG_ENABLE_OBJC_ARC = YES;
				CLANG_WARN_BOOL_CONVERSION = YES;
				CLANG_WARN_CONSTANT_CONVERSION = YES;
				CLANG_WARN_DIRECT_OBJC_ISA_USAGE = YES_ERROR;
				CLANG_WARN_EMPTY_BODY = YES;
				CLANG_WARN_ENUM_CONVERSION = YES;
				CLANG_WARN_INT_CONVERSION = YES;
				CLANG_WARN_OBJC_ROOT_CLASS = YES_ERROR;
				CLANG_WARN_UNREACHABLE_CODE = YES;
				CLANG_WARN__DUPLICATE_METHOD_MATCH = YES;
				CODE_SIGN_IDENTITY = "-";
				COPY_PHASE_STRIP = NO;
				DEBUG_INFORMATION_FORMAT = dwarf;
				ENABLE_STRICT_OBJC_MSGSEND = YES;
				ENABLE_TESTABILITY = YES;
				GCC_C_LANGUAGE_STANDARD = gnu99;
				GCC_DYNAMIC_NO_PIC = NO;
				GCC_NO_COMMON_BLOCKS = YES;
				GCC_OPTIMIZATION_LEVEL = 0;
				GCC_PREPROCESSOR_DEFINITIONS = (
					"DEBUG=1",
					"$(inherited)",
				);
				GCC_WARN_64_TO_32_BIT_CONVERSION = YES;
				GCC_WARN_ABOUT_RETURN_TYPE = YES_ERROR;
				GCC_WARN_UNDECLARED_SELECTOR = YES;
				GCC_WARN_UNINITIALIZED_AUTOS = YES_AGGRESSIVE;
				GCC_WARN_UNUSED_FUNCTION = YES;
				GCC_WARN_UNUSED_VARIABLE = YES;
				HEADER_SEARCH_PATHS = (
					"$(SRCROOT)/../../React/**",
					"$(inherited)",
				);
				MACOSX_DEPLOYMENT_TARGET = 10.11;
				MTL_ENABLE_DEBUG_INFO = YES;
				ONLY_ACTIVE_ARCH = YES;
				OTHER_LDFLAGS = "-ObjC";
				SDKROOT = macosx;
			};
			name = Debug;
		};
		032799F91BB6B4500015275D /* Release */ = {
			isa = XCBuildConfiguration;
			buildSettings = {
				ALWAYS_SEARCH_USER_PATHS = NO;
				CLANG_CXX_LANGUAGE_STANDARD = "gnu++0x";
				CLANG_CXX_LIBRARY = "libc++";
				CLANG_ENABLE_MODULES = YES;
				CLANG_ENABLE_OBJC_ARC = YES;
				CLANG_WARN_BOOL_CONVERSION = YES;
				CLANG_WARN_CONSTANT_CONVERSION = YES;
				CLANG_WARN_DIRECT_OBJC_ISA_USAGE = YES_ERROR;
				CLANG_WARN_EMPTY_BODY = YES;
				CLANG_WARN_ENUM_CONVERSION = YES;
				CLANG_WARN_INT_CONVERSION = YES;
				CLANG_WARN_OBJC_ROOT_CLASS = YES_ERROR;
				CLANG_WARN_UNREACHABLE_CODE = YES;
				CLANG_WARN__DUPLICATE_METHOD_MATCH = YES;
				CODE_SIGN_IDENTITY = "-";
				COPY_PHASE_STRIP = NO;
				DEBUG_INFORMATION_FORMAT = "dwarf-with-dsym";
				ENABLE_NS_ASSERTIONS = NO;
				ENABLE_STRICT_OBJC_MSGSEND = YES;
				GCC_C_LANGUAGE_STANDARD = gnu99;
				GCC_NO_COMMON_BLOCKS = YES;
				GCC_WARN_64_TO_32_BIT_CONVERSION = YES;
				GCC_WARN_ABOUT_RETURN_TYPE = YES_ERROR;
				GCC_WARN_UNDECLARED_SELECTOR = YES;
				GCC_WARN_UNINITIALIZED_AUTOS = YES_AGGRESSIVE;
				GCC_WARN_UNUSED_FUNCTION = YES;
				GCC_WARN_UNUSED_VARIABLE = YES;
				HEADER_SEARCH_PATHS = (
					"$(SRCROOT)/../../React/**",
					"$(inherited)",
				);
				MACOSX_DEPLOYMENT_TARGET = 10.11;
				MTL_ENABLE_DEBUG_INFO = NO;
				OTHER_LDFLAGS = "-ObjC";
				SDKROOT = macosx;
			};
			name = Release;
		};
		032799FB1BB6B4500015275D /* Debug */ = {
			isa = XCBuildConfiguration;
			buildSettings = {
				ASSETCATALOG_COMPILER_APPICON_NAME = AppIcon;
				COMBINE_HIDPI_IMAGES = YES;
				INFOPLIST_FILE = Neutrino/Info.plist;
				LD_RUNPATH_SEARCH_PATHS = "$(inherited) @executable_path/../Frameworks";
				PRODUCT_BUNDLE_IDENTIFIER = com.elephant.Neutrino;
				PRODUCT_NAME = "$(TARGET_NAME)";
			};
			name = Debug;
		};
		032799FC1BB6B4500015275D /* Release */ = {
			isa = XCBuildConfiguration;
			buildSettings = {
				ASSETCATALOG_COMPILER_APPICON_NAME = AppIcon;
				COMBINE_HIDPI_IMAGES = YES;
				INFOPLIST_FILE = Neutrino/Info.plist;
				LD_RUNPATH_SEARCH_PATHS = "$(inherited) @executable_path/../Frameworks";
				PRODUCT_BUNDLE_IDENTIFIER = com.elephant.Neutrino;
				PRODUCT_NAME = "$(TARGET_NAME)";
			};
			name = Release;
		};
/* End XCBuildConfiguration section */

/* Begin XCConfigurationList section */
		032799E41BB6B4500015275D /* Build configuration list for PBXProject "Neutrino" */ = {
			isa = XCConfigurationList;
			buildConfigurations = (
				032799F81BB6B4500015275D /* Debug */,
				032799F91BB6B4500015275D /* Release */,
			);
			defaultConfigurationIsVisible = 0;
			defaultConfigurationName = Release;
		};
		032799FA1BB6B4500015275D /* Build configuration list for PBXNativeTarget "Neutrino" */ = {
			isa = XCConfigurationList;
			buildConfigurations = (
				032799FB1BB6B4500015275D /* Debug */,
				032799FC1BB6B4500015275D /* Release */,
			);
			defaultConfigurationIsVisible = 0;
			defaultConfigurationName = Release;
		};
/* End XCConfigurationList section */
	};
	rootObject = 032799E11BB6B4500015275D /* Project object */;
}
